// !$*UTF8*$!
{
	archiveVersion = 1;
	classes = {
	};
	objectVersion = 56;
	objects = {

/* Begin PBXBuildFile section */
		282022D82C6BE6BA00A8551C /* InfoView.swift in Sources */ = {isa = PBXBuildFile; fileRef = 282022D72C6BE6BA00A8551C /* InfoView.swift */; };
		282022DC2C6BE9B000A8551C /* info-view.riv in Resources */ = {isa = PBXBuildFile; fileRef = 282022DB2C6BE9B000A8551C /* info-view.riv */; };
		2845B4A72C5F4F8A009C12FD /* RetoView.swift in Sources */ = {isa = PBXBuildFile; fileRef = 2845B4A62C5F4F8A009C12FD /* RetoView.swift */; };
		2851EAFB2C6D0B58003D16DA /* TutorialView.swift in Sources */ = {isa = PBXBuildFile; fileRef = 2851EAFA2C6D0B58003D16DA /* TutorialView.swift */; };
		285346B42C5AB2F500707411 /* TablesExView.swift in Sources */ = {isa = PBXBuildFile; fileRef = 285346B32C5AB2F500707411 /* TablesExView.swift */; };
		285415DC2CA1E6F100E5B7E9 /* AR9.mp3 in Resources */ = {isa = PBXBuildFile; fileRef = 285415D62CA1E6F000E5B7E9 /* AR9.mp3 */; };
		285415DD2CA1E6F100E5B7E9 /* AR8.mp3 in Resources */ = {isa = PBXBuildFile; fileRef = 285415D72CA1E6F000E5B7E9 /* AR8.mp3 */; };
		285415DE2CA1E6F100E5B7E9 /* AR10.mp3 in Resources */ = {isa = PBXBuildFile; fileRef = 285415D82CA1E6F000E5B7E9 /* AR10.mp3 */; };
		285415DF2CA1E6F100E5B7E9 /* AR11.mp3 in Resources */ = {isa = PBXBuildFile; fileRef = 285415D92CA1E6F100E5B7E9 /* AR11.mp3 */; };
		285415E02CA1E6F100E5B7E9 /* AR7.mp3 in Resources */ = {isa = PBXBuildFile; fileRef = 285415DA2CA1E6F100E5B7E9 /* AR7.mp3 */; };
		285415E12CA1E6F100E5B7E9 /* AR6.mp3 in Resources */ = {isa = PBXBuildFile; fileRef = 285415DB2CA1E6F100E5B7E9 /* AR6.mp3 */; };
		285415E62CA1EAF100E5B7E9 /* ejer4.mp3 in Resources */ = {isa = PBXBuildFile; fileRef = 285415E22CA1EAF000E5B7E9 /* ejer4.mp3 */; };
		285415E72CA1EAF100E5B7E9 /* ejer1.mp3 in Resources */ = {isa = PBXBuildFile; fileRef = 285415E32CA1EAF100E5B7E9 /* ejer1.mp3 */; };
		285415E82CA1EAF100E5B7E9 /* ejer3.mp3 in Resources */ = {isa = PBXBuildFile; fileRef = 285415E42CA1EAF100E5B7E9 /* ejer3.mp3 */; };
		285415E92CA1EAF100E5B7E9 /* ejer2.mp3 in Resources */ = {isa = PBXBuildFile; fileRef = 285415E52CA1EAF100E5B7E9 /* ejer2.mp3 */; };
		285415EE2CA1EDEC00E5B7E9 /* reto4.mp3 in Resources */ = {isa = PBXBuildFile; fileRef = 285415EA2CA1EDEC00E5B7E9 /* reto4.mp3 */; };
		285415EF2CA1EDEC00E5B7E9 /* reto2.mp3 in Resources */ = {isa = PBXBuildFile; fileRef = 285415EB2CA1EDEC00E5B7E9 /* reto2.mp3 */; };
		285415F02CA1EDEC00E5B7E9 /* reto1.mp3 in Resources */ = {isa = PBXBuildFile; fileRef = 285415EC2CA1EDEC00E5B7E9 /* reto1.mp3 */; };
		285415F12CA1EDEC00E5B7E9 /* reto3.mp3 in Resources */ = {isa = PBXBuildFile; fileRef = 285415ED2CA1EDEC00E5B7E9 /* reto3.mp3 */; };
		288B3B322C6672A300231B23 /* MainTheme.mp3 in Resources */ = {isa = PBXBuildFile; fileRef = 288B3B2E2C6672A300231B23 /* MainTheme.mp3 */; };
		288B3B332C6672A300231B23 /* ExerciseResult.mp3 in Resources */ = {isa = PBXBuildFile; fileRef = 288B3B2F2C6672A300231B23 /* ExerciseResult.mp3 */; };
		288B3B342C6672A300231B23 /* ChallengeFinal.mp3 in Resources */ = {isa = PBXBuildFile; fileRef = 288B3B302C6672A300231B23 /* ChallengeFinal.mp3 */; };
		288B3B352C6672A300231B23 /* Exercise.mp3 in Resources */ = {isa = PBXBuildFile; fileRef = 288B3B312C6672A300231B23 /* Exercise.mp3 */; };
		2894898D2C72A5BC004A87E9 /* AE2.mp3 in Resources */ = {isa = PBXBuildFile; fileRef = 289489892C72A5BC004A87E9 /* AE2.mp3 */; };
		2894898E2C72A5BC004A87E9 /* AE3.mp3 in Resources */ = {isa = PBXBuildFile; fileRef = 2894898A2C72A5BC004A87E9 /* AE3.mp3 */; };
		2894898F2C72A5BC004A87E9 /* AE4.mp3 in Resources */ = {isa = PBXBuildFile; fileRef = 2894898B2C72A5BC004A87E9 /* AE4.mp3 */; };
		289489902C72A5BC004A87E9 /* AE1.mp3 in Resources */ = {isa = PBXBuildFile; fileRef = 2894898C2C72A5BC004A87E9 /* AE1.mp3 */; };
		289489932C72A5F2004A87E9 /* AT1.mp3 in Resources */ = {isa = PBXBuildFile; fileRef = 289489912C72A5F2004A87E9 /* AT1.mp3 */; };
		289489942C72A5F2004A87E9 /* AT2.mp3 in Resources */ = {isa = PBXBuildFile; fileRef = 289489922C72A5F2004A87E9 /* AT2.mp3 */; };
		289489972C72A619004A87E9 /* AP1.mp3 in Resources */ = {isa = PBXBuildFile; fileRef = 289489952C72A619004A87E9 /* AP1.mp3 */; };
		289489982C72A619004A87E9 /* AP2.mp3 in Resources */ = {isa = PBXBuildFile; fileRef = 289489962C72A619004A87E9 /* AP2.mp3 */; };
		2894899A2C72A83C004A87E9 /* Bienvenido.mp3 in Resources */ = {isa = PBXBuildFile; fileRef = 289489992C72A83C004A87E9 /* Bienvenido.mp3 */; };
		28B5F5452C72D2FF003C4FB9 /* AR2.mp3 in Resources */ = {isa = PBXBuildFile; fileRef = 28B5F5402C72D2FF003C4FB9 /* AR2.mp3 */; };
		28B5F5462C72D2FF003C4FB9 /* AR4.mp3 in Resources */ = {isa = PBXBuildFile; fileRef = 28B5F5412C72D2FF003C4FB9 /* AR4.mp3 */; };
		28B5F5472C72D2FF003C4FB9 /* AR5.mp3 in Resources */ = {isa = PBXBuildFile; fileRef = 28B5F5422C72D2FF003C4FB9 /* AR5.mp3 */; };
		28B5F5482C72D2FF003C4FB9 /* AR3.mp3 in Resources */ = {isa = PBXBuildFile; fileRef = 28B5F5432C72D2FF003C4FB9 /* AR3.mp3 */; };
		28B5F5492C72D2FF003C4FB9 /* AR1.mp3 in Resources */ = {isa = PBXBuildFile; fileRef = 28B5F5442C72D2FF003C4FB9 /* AR1.mp3 */; };
		28BC85692C13D81F00E3B62F /* Dima_MundoApp.swift in Sources */ = {isa = PBXBuildFile; fileRef = 28BC85682C13D81F00E3B62F /* Dima_MundoApp.swift */; };
		28BC856D2C13D82200E3B62F /* Assets.xcassets in Resources */ = {isa = PBXBuildFile; fileRef = 28BC856C2C13D82200E3B62F /* Assets.xcassets */; };
		28BC85702C13D82200E3B62F /* Preview Assets.xcassets in Resources */ = {isa = PBXBuildFile; fileRef = 28BC856F2C13D82200E3B62F /* Preview Assets.xcassets */; };
		28BC857A2C13D82200E3B62F /* Dima_MundoTests.swift in Sources */ = {isa = PBXBuildFile; fileRef = 28BC85792C13D82200E3B62F /* Dima_MundoTests.swift */; };
		28BC85842C13D82200E3B62F /* Dima_MundoUITests.swift in Sources */ = {isa = PBXBuildFile; fileRef = 28BC85832C13D82200E3B62F /* Dima_MundoUITests.swift */; };
		28BC85862C13D82200E3B62F /* Dima_MundoUITestsLaunchTests.swift in Sources */ = {isa = PBXBuildFile; fileRef = 28BC85852C13D82200E3B62F /* Dima_MundoUITestsLaunchTests.swift */; };
		28BC85942C13DB1300E3B62F /* Color.swift in Sources */ = {isa = PBXBuildFile; fileRef = 28BC85932C13DB1300E3B62F /* Color.swift */; };
		28BC85962C13EC9D00E3B62F /* ContentView.swift in Sources */ = {isa = PBXBuildFile; fileRef = 28BC85952C13EC9D00E3B62F /* ContentView.swift */; };
		28E6AF972C72C5C200B573DA /* AC2.mp3 in Resources */ = {isa = PBXBuildFile; fileRef = 28E6AF942C72C5C200B573DA /* AC2.mp3 */; };
		28E6AF982C72C5C200B573DA /* AC1.mp3 in Resources */ = {isa = PBXBuildFile; fileRef = 28E6AF952C72C5C200B573DA /* AC1.mp3 */; };
		28E6AF992C72C5C200B573DA /* AC3.mp3 in Resources */ = {isa = PBXBuildFile; fileRef = 28E6AF962C72C5C200B573DA /* AC3.mp3 */; };
		28E6AF9B2C72C6AE00B573DA /* AT3.mp3 in Resources */ = {isa = PBXBuildFile; fileRef = 28E6AF9A2C72C6AE00B573DA /* AT3.mp3 */; };
		28E6AF9D2C72C6B800B573DA /* AP3.mp3 in Resources */ = {isa = PBXBuildFile; fileRef = 28E6AF9C2C72C6B800B573DA /* AP3.mp3 */; };
		6C0D20DD2C430E72005FE8BF /* monin.riv in Resources */ = {isa = PBXBuildFile; fileRef = 6C0D20DC2C430E72005FE8BF /* monin.riv */; };
		6C0D20DE2C430E72005FE8BF /* monin.riv in Resources */ = {isa = PBXBuildFile; fileRef = 6C0D20DC2C430E72005FE8BF /* monin.riv */; };
		6C0D20DF2C430E72005FE8BF /* monin.riv in Resources */ = {isa = PBXBuildFile; fileRef = 6C0D20DC2C430E72005FE8BF /* monin.riv */; };
		6C0D20E12C4310B7005FE8BF /* molly.riv in Resources */ = {isa = PBXBuildFile; fileRef = 6C0D20E02C4310B7005FE8BF /* molly.riv */; };
		6C0D20E22C4310B7005FE8BF /* molly.riv in Resources */ = {isa = PBXBuildFile; fileRef = 6C0D20E02C4310B7005FE8BF /* molly.riv */; };
		6C0D20E32C4310B7005FE8BF /* molly.riv in Resources */ = {isa = PBXBuildFile; fileRef = 6C0D20E02C4310B7005FE8BF /* molly.riv */; };
		6C0D7DD22CB06BF800BFE74F /* Model.xcdatamodeld in Sources */ = {isa = PBXBuildFile; fileRef = 6C0D7DD02CB06BF800BFE74F /* Model.xcdatamodeld */; };
		6C12CA512C345205005909E0 /* DataManager.swift in Sources */ = {isa = PBXBuildFile; fileRef = 6C12CA502C345205005909E0 /* DataManager.swift */; };
		6C12CA532C345681005909E0 /* PerfilesViewModel.swift in Sources */ = {isa = PBXBuildFile; fileRef = 6C12CA522C345681005909E0 /* PerfilesViewModel.swift */; };
		6C12CA552C345720005909E0 /* PerfilesView.swift in Sources */ = {isa = PBXBuildFile; fileRef = 6C12CA542C34571F005909E0 /* PerfilesView.swift */; };
		6C12CA572C345768005909E0 /* CrearPerfilView.swift in Sources */ = {isa = PBXBuildFile; fileRef = 6C12CA562C345768005909E0 /* CrearPerfilView.swift */; };
		6C12CA592C3481B4005909E0 /* ColorOption.swift in Sources */ = {isa = PBXBuildFile; fileRef = 6C12CA582C3481B4005909E0 /* ColorOption.swift */; };
		6C12CA672C372AD4005909E0 /* RifficFree-Bold.ttf in Resources */ = {isa = PBXBuildFile; fileRef = 6C12CA662C372AD3005909E0 /* RifficFree-Bold.ttf */; };
		6C12CA692C373EA5005909E0 /* CustomKeyboardView.swift in Sources */ = {isa = PBXBuildFile; fileRef = 6C12CA682C373EA5005909E0 /* CustomKeyboardView.swift */; };
		6C12CA6A2C378505005909E0 /* RifficFree-Bold.ttf in Resources */ = {isa = PBXBuildFile; fileRef = 6C12CA662C372AD3005909E0 /* RifficFree-Bold.ttf */; };
		6C12CA6B2C378506005909E0 /* RifficFree-Bold.ttf in Resources */ = {isa = PBXBuildFile; fileRef = 6C12CA662C372AD3005909E0 /* RifficFree-Bold.ttf */; };
		6C12CA6D2C378C6B005909E0 /* MainView.swift in Sources */ = {isa = PBXBuildFile; fileRef = 6C12CA6C2C378C6B005909E0 /* MainView.swift */; };
		6C18AA252C72EA5A0011E532 /* LocalizationManager.swift in Sources */ = {isa = PBXBuildFile; fileRef = 6C18AA232C72EA5A0011E532 /* LocalizationManager.swift */; };
		6C18AA262C72EA5A0011E532 /* Language.swift in Sources */ = {isa = PBXBuildFile; fileRef = 6C18AA242C72EA5A0011E532 /* Language.swift */; };
		6C18AA282C72EABB0011E532 /* CustomNumericKeyboard.swift in Sources */ = {isa = PBXBuildFile; fileRef = 6C18AA272C72EABB0011E532 /* CustomNumericKeyboard.swift */; };
		6C18AA2C2C72EC250011E532 /* EditProfileView.swift in Sources */ = {isa = PBXBuildFile; fileRef = 6C18AA292C72EC250011E532 /* EditProfileView.swift */; };
		6C18AA2D2C72EC250011E532 /* DashboardView.swift in Sources */ = {isa = PBXBuildFile; fileRef = 6C18AA2A2C72EC250011E532 /* DashboardView.swift */; };
		6C18AA2E2C72EC250011E532 /* LoginView.swift in Sources */ = {isa = PBXBuildFile; fileRef = 6C18AA2B2C72EC250011E532 /* LoginView.swift */; };
		6C245C382C73B7C80035C4AE /* RiveManager.swift in Sources */ = {isa = PBXBuildFile; fileRef = 6C245C372C73B7C80035C4AE /* RiveManager.swift */; };
		6C245C3C2C73CE600035C4AE /* splashScreen.riv in Resources */ = {isa = PBXBuildFile; fileRef = 6C245C392C73CE600035C4AE /* splashScreen.riv */; };
		6C245C3D2C73CE600035C4AE /* splashScreen.riv in Resources */ = {isa = PBXBuildFile; fileRef = 6C245C392C73CE600035C4AE /* splashScreen.riv */; };
		6C245C3E2C73CE600035C4AE /* splashScreen.riv in Resources */ = {isa = PBXBuildFile; fileRef = 6C245C392C73CE600035C4AE /* splashScreen.riv */; };
		6C245C422C73CE600035C4AE /* jack.riv in Resources */ = {isa = PBXBuildFile; fileRef = 6C245C3B2C73CE600035C4AE /* jack.riv */; };
		6C245C432C73CE600035C4AE /* jack.riv in Resources */ = {isa = PBXBuildFile; fileRef = 6C245C3B2C73CE600035C4AE /* jack.riv */; };
		6C245C442C73CE600035C4AE /* jack.riv in Resources */ = {isa = PBXBuildFile; fileRef = 6C245C3B2C73CE600035C4AE /* jack.riv */; };
		6C245C452C73D2280035C4AE /* info-view.riv in Resources */ = {isa = PBXBuildFile; fileRef = 282022DB2C6BE9B000A8551C /* info-view.riv */; };
		6C3558422C424CEB0085D615 /* SelectTableView.swift in Sources */ = {isa = PBXBuildFile; fileRef = 6C3558412C424CEB0085D615 /* SelectTableView.swift */; };
		6C3D33A62C6309090097FDC1 /* melody.riv in Resources */ = {isa = PBXBuildFile; fileRef = 6C3D33A52C6309090097FDC1 /* melody.riv */; };
		6C3D33A72C6309090097FDC1 /* melody.riv in Resources */ = {isa = PBXBuildFile; fileRef = 6C3D33A52C6309090097FDC1 /* melody.riv */; };
		6C3D33A82C6309090097FDC1 /* melody.riv in Resources */ = {isa = PBXBuildFile; fileRef = 6C3D33A52C6309090097FDC1 /* melody.riv */; };
		6C3D33AE2C6313400097FDC1 /* cal-reto.riv in Resources */ = {isa = PBXBuildFile; fileRef = 6C3D33AD2C6313400097FDC1 /* cal-reto.riv */; };
		6C3D33AF2C6313400097FDC1 /* cal-reto.riv in Resources */ = {isa = PBXBuildFile; fileRef = 6C3D33AD2C6313400097FDC1 /* cal-reto.riv */; };
		6C3D33B02C6313400097FDC1 /* cal-reto.riv in Resources */ = {isa = PBXBuildFile; fileRef = 6C3D33AD2C6313400097FDC1 /* cal-reto.riv */; };
		6C46EE382C8BAC1A00D85D3F /* cal-reto.riv in Sources */ = {isa = PBXBuildFile; fileRef = 6C3D33AD2C6313400097FDC1 /* cal-reto.riv */; };
		6C55B0852C72ED6200B570BA /* SoundManager.swift in Sources */ = {isa = PBXBuildFile; fileRef = 6C55B0842C72ED6200B570BA /* SoundManager.swift */; };
		6C59BB592C8B951B00918E9A /* ImageSetView.swift in Sources */ = {isa = PBXBuildFile; fileRef = 6C59BB582C8B951B00918E9A /* ImageSetView.swift */; };
		6C78E6EE2C39DD7400D18852 /* RiveRuntime in Frameworks */ = {isa = PBXBuildFile; productRef = 6C78E6ED2C39DD7400D18852 /* RiveRuntime */; };
		6CA094C42C430279000EDBE0 /* rivebg.riv in Resources */ = {isa = PBXBuildFile; fileRef = 6CA094BD2C430279000EDBE0 /* rivebg.riv */; };
		6CA094C52C430279000EDBE0 /* rivebg.riv in Resources */ = {isa = PBXBuildFile; fileRef = 6CA094BD2C430279000EDBE0 /* rivebg.riv */; };
		6CA094C62C430279000EDBE0 /* rivebg.riv in Resources */ = {isa = PBXBuildFile; fileRef = 6CA094BD2C430279000EDBE0 /* rivebg.riv */; };
		6CA094C82C430434000EDBE0 /* Fondos.swift in Sources */ = {isa = PBXBuildFile; fileRef = 6CA094C72C430434000EDBE0 /* Fondos.swift */; };
		6CA094C92C430434000EDBE0 /* Fondos.swift in Sources */ = {isa = PBXBuildFile; fileRef = 6CA094C72C430434000EDBE0 /* Fondos.swift */; };
		6CA094CA2C430434000EDBE0 /* Fondos.swift in Sources */ = {isa = PBXBuildFile; fileRef = 6CA094C72C430434000EDBE0 /* Fondos.swift */; };
		6CA1474E2C8BAD7F00A589FF /* cal-ejercicios.riv in Resources */ = {isa = PBXBuildFile; fileRef = 6CA1474D2C8BAD7F00A589FF /* cal-ejercicios.riv */; };
		6CA1474F2C8BAD7F00A589FF /* cal-ejercicios.riv in Resources */ = {isa = PBXBuildFile; fileRef = 6CA1474D2C8BAD7F00A589FF /* cal-ejercicios.riv */; };
		6CA147502C8BAD7F00A589FF /* cal-ejercicios.riv in Resources */ = {isa = PBXBuildFile; fileRef = 6CA1474D2C8BAD7F00A589FF /* cal-ejercicios.riv */; };
		6CC2FA782C88D9F800E20432 /* ResultsView.swift in Sources */ = {isa = PBXBuildFile; fileRef = 6CC2FA772C88D9F800E20432 /* ResultsView.swift */; };
		6CC2FA7A2C8AAD6700E20432 /* ResultRetoView.swift in Sources */ = {isa = PBXBuildFile; fileRef = 6CC2FA792C8AAD6700E20432 /* ResultRetoView.swift */; };
		6CCEC5582C49FAE50053F025 /* AppData.swift in Sources */ = {isa = PBXBuildFile; fileRef = 6CCEC5572C49FAE50053F025 /* AppData.swift */; };
		6CD43F4E2C4D88FC00C1CE55 /* RiveModel.swift in Sources */ = {isa = PBXBuildFile; fileRef = 6CD43F4D2C4D88FC00C1CE55 /* RiveModel.swift */; };
		6CD43F502C4D95D600C1CE55 /* CardModel.swift in Sources */ = {isa = PBXBuildFile; fileRef = 6CD43F4F2C4D95D500C1CE55 /* CardModel.swift */; };
		6CD43F522C4D95E000C1CE55 /* CardView.swift in Sources */ = {isa = PBXBuildFile; fileRef = 6CD43F512C4D95E000C1CE55 /* CardView.swift */; };
		6CDAC7E92C73FA600065EAB3 /* Jacobo.riv in Resources */ = {isa = PBXBuildFile; fileRef = 6CDAC7E82C73FA600065EAB3 /* Jacobo.riv */; };
		6CDAC7EA2C73FA600065EAB3 /* Jacobo.riv in Resources */ = {isa = PBXBuildFile; fileRef = 6CDAC7E82C73FA600065EAB3 /* Jacobo.riv */; };
		6CDAC7EB2C73FA600065EAB3 /* Jacobo.riv in Resources */ = {isa = PBXBuildFile; fileRef = 6CDAC7E82C73FA600065EAB3 /* Jacobo.riv */; };
		6CDF33392C4DCE1A00E9E93E /* fondos.riv in Resources */ = {isa = PBXBuildFile; fileRef = 6CDF33382C4DCE1A00E9E93E /* fondos.riv */; };
		6CDF333A2C4DCE1A00E9E93E /* fondos.riv in Resources */ = {isa = PBXBuildFile; fileRef = 6CDF33382C4DCE1A00E9E93E /* fondos.riv */; };
		6CDF333B2C4DCE1A00E9E93E /* fondos.riv in Resources */ = {isa = PBXBuildFile; fileRef = 6CDF33382C4DCE1A00E9E93E /* fondos.riv */; };
		6CF889612C73D373003305EC /* pablo2.riv in Resources */ = {isa = PBXBuildFile; fileRef = 6CF889602C73D373003305EC /* pablo2.riv */; };
		6CF889622C73D373003305EC /* pablo2.riv in Resources */ = {isa = PBXBuildFile; fileRef = 6CF889602C73D373003305EC /* pablo2.riv */; };
		6CF889632C73D373003305EC /* pablo2.riv in Resources */ = {isa = PBXBuildFile; fileRef = 6CF889602C73D373003305EC /* pablo2.riv */; };
/* End PBXBuildFile section */

/* Begin PBXContainerItemProxy section */
		28BC85762C13D82200E3B62F /* PBXContainerItemProxy */ = {
			isa = PBXContainerItemProxy;
			containerPortal = 28BC855D2C13D81F00E3B62F /* Project object */;
			proxyType = 1;
			remoteGlobalIDString = 28BC85642C13D81F00E3B62F;
			remoteInfo = "Dima Mundo";
		};
		28BC85802C13D82200E3B62F /* PBXContainerItemProxy */ = {
			isa = PBXContainerItemProxy;
			containerPortal = 28BC855D2C13D81F00E3B62F /* Project object */;
			proxyType = 1;
			remoteGlobalIDString = 28BC85642C13D81F00E3B62F;
			remoteInfo = "Dima Mundo";
		};
/* End PBXContainerItemProxy section */

/* Begin PBXFileReference section */
		282022D72C6BE6BA00A8551C /* InfoView.swift */ = {isa = PBXFileReference; lastKnownFileType = sourcecode.swift; path = InfoView.swift; sourceTree = "<group>"; };
		282022DB2C6BE9B000A8551C /* info-view.riv */ = {isa = PBXFileReference; lastKnownFileType = file; path = "info-view.riv"; sourceTree = "<group>"; };
		2845B4A62C5F4F8A009C12FD /* RetoView.swift */ = {isa = PBXFileReference; lastKnownFileType = sourcecode.swift; path = RetoView.swift; sourceTree = "<group>"; };
		2851EAFA2C6D0B58003D16DA /* TutorialView.swift */ = {isa = PBXFileReference; lastKnownFileType = sourcecode.swift; path = TutorialView.swift; sourceTree = "<group>"; };
		285346B32C5AB2F500707411 /* TablesExView.swift */ = {isa = PBXFileReference; lastKnownFileType = sourcecode.swift; path = TablesExView.swift; sourceTree = "<group>"; };
		285415D62CA1E6F000E5B7E9 /* AR9.mp3 */ = {isa = PBXFileReference; lastKnownFileType = audio.mp3; path = AR9.mp3; sourceTree = "<group>"; };
		285415D72CA1E6F000E5B7E9 /* AR8.mp3 */ = {isa = PBXFileReference; lastKnownFileType = audio.mp3; path = AR8.mp3; sourceTree = "<group>"; };
		285415D82CA1E6F000E5B7E9 /* AR10.mp3 */ = {isa = PBXFileReference; lastKnownFileType = audio.mp3; path = AR10.mp3; sourceTree = "<group>"; };
		285415D92CA1E6F100E5B7E9 /* AR11.mp3 */ = {isa = PBXFileReference; lastKnownFileType = audio.mp3; path = AR11.mp3; sourceTree = "<group>"; };
		285415DA2CA1E6F100E5B7E9 /* AR7.mp3 */ = {isa = PBXFileReference; lastKnownFileType = audio.mp3; path = AR7.mp3; sourceTree = "<group>"; };
		285415DB2CA1E6F100E5B7E9 /* AR6.mp3 */ = {isa = PBXFileReference; lastKnownFileType = audio.mp3; path = AR6.mp3; sourceTree = "<group>"; };
		285415E22CA1EAF000E5B7E9 /* ejer4.mp3 */ = {isa = PBXFileReference; lastKnownFileType = audio.mp3; path = ejer4.mp3; sourceTree = "<group>"; };
		285415E32CA1EAF100E5B7E9 /* ejer1.mp3 */ = {isa = PBXFileReference; lastKnownFileType = audio.mp3; path = ejer1.mp3; sourceTree = "<group>"; };
		285415E42CA1EAF100E5B7E9 /* ejer3.mp3 */ = {isa = PBXFileReference; lastKnownFileType = audio.mp3; path = ejer3.mp3; sourceTree = "<group>"; };
		285415E52CA1EAF100E5B7E9 /* ejer2.mp3 */ = {isa = PBXFileReference; lastKnownFileType = audio.mp3; path = ejer2.mp3; sourceTree = "<group>"; };
		285415EA2CA1EDEC00E5B7E9 /* reto4.mp3 */ = {isa = PBXFileReference; lastKnownFileType = audio.mp3; path = reto4.mp3; sourceTree = "<group>"; };
		285415EB2CA1EDEC00E5B7E9 /* reto2.mp3 */ = {isa = PBXFileReference; lastKnownFileType = audio.mp3; path = reto2.mp3; sourceTree = "<group>"; };
		285415EC2CA1EDEC00E5B7E9 /* reto1.mp3 */ = {isa = PBXFileReference; lastKnownFileType = audio.mp3; path = reto1.mp3; sourceTree = "<group>"; };
		285415ED2CA1EDEC00E5B7E9 /* reto3.mp3 */ = {isa = PBXFileReference; lastKnownFileType = audio.mp3; path = reto3.mp3; sourceTree = "<group>"; };
		288B3B2E2C6672A300231B23 /* MainTheme.mp3 */ = {isa = PBXFileReference; lastKnownFileType = audio.mp3; path = MainTheme.mp3; sourceTree = "<group>"; };
		288B3B2F2C6672A300231B23 /* ExerciseResult.mp3 */ = {isa = PBXFileReference; lastKnownFileType = audio.mp3; path = ExerciseResult.mp3; sourceTree = "<group>"; };
		288B3B302C6672A300231B23 /* ChallengeFinal.mp3 */ = {isa = PBXFileReference; lastKnownFileType = audio.mp3; path = ChallengeFinal.mp3; sourceTree = "<group>"; };
		288B3B312C6672A300231B23 /* Exercise.mp3 */ = {isa = PBXFileReference; lastKnownFileType = audio.mp3; path = Exercise.mp3; sourceTree = "<group>"; };
		289489892C72A5BC004A87E9 /* AE2.mp3 */ = {isa = PBXFileReference; lastKnownFileType = audio.mp3; path = AE2.mp3; sourceTree = "<group>"; };
		2894898A2C72A5BC004A87E9 /* AE3.mp3 */ = {isa = PBXFileReference; lastKnownFileType = audio.mp3; path = AE3.mp3; sourceTree = "<group>"; };
		2894898B2C72A5BC004A87E9 /* AE4.mp3 */ = {isa = PBXFileReference; lastKnownFileType = audio.mp3; path = AE4.mp3; sourceTree = "<group>"; };
		2894898C2C72A5BC004A87E9 /* AE1.mp3 */ = {isa = PBXFileReference; lastKnownFileType = audio.mp3; path = AE1.mp3; sourceTree = "<group>"; };
		289489912C72A5F2004A87E9 /* AT1.mp3 */ = {isa = PBXFileReference; lastKnownFileType = audio.mp3; path = AT1.mp3; sourceTree = "<group>"; };
		289489922C72A5F2004A87E9 /* AT2.mp3 */ = {isa = PBXFileReference; lastKnownFileType = audio.mp3; path = AT2.mp3; sourceTree = "<group>"; };
		289489952C72A619004A87E9 /* AP1.mp3 */ = {isa = PBXFileReference; lastKnownFileType = audio.mp3; path = AP1.mp3; sourceTree = "<group>"; };
		289489962C72A619004A87E9 /* AP2.mp3 */ = {isa = PBXFileReference; lastKnownFileType = audio.mp3; path = AP2.mp3; sourceTree = "<group>"; };
		289489992C72A83C004A87E9 /* Bienvenido.mp3 */ = {isa = PBXFileReference; lastKnownFileType = audio.mp3; path = Bienvenido.mp3; sourceTree = "<group>"; };
		28B5F5402C72D2FF003C4FB9 /* AR2.mp3 */ = {isa = PBXFileReference; lastKnownFileType = audio.mp3; path = AR2.mp3; sourceTree = "<group>"; };
		28B5F5412C72D2FF003C4FB9 /* AR4.mp3 */ = {isa = PBXFileReference; lastKnownFileType = audio.mp3; path = AR4.mp3; sourceTree = "<group>"; };
		28B5F5422C72D2FF003C4FB9 /* AR5.mp3 */ = {isa = PBXFileReference; lastKnownFileType = audio.mp3; path = AR5.mp3; sourceTree = "<group>"; };
		28B5F5432C72D2FF003C4FB9 /* AR3.mp3 */ = {isa = PBXFileReference; lastKnownFileType = audio.mp3; path = AR3.mp3; sourceTree = "<group>"; };
		28B5F5442C72D2FF003C4FB9 /* AR1.mp3 */ = {isa = PBXFileReference; lastKnownFileType = audio.mp3; path = AR1.mp3; sourceTree = "<group>"; };
		28BC85652C13D81F00E3B62F /* Dima Mundo.app */ = {isa = PBXFileReference; explicitFileType = wrapper.application; includeInIndex = 0; path = "Dima Mundo.app"; sourceTree = BUILT_PRODUCTS_DIR; };
		28BC85682C13D81F00E3B62F /* Dima_MundoApp.swift */ = {isa = PBXFileReference; lastKnownFileType = sourcecode.swift; path = Dima_MundoApp.swift; sourceTree = "<group>"; };
		28BC856C2C13D82200E3B62F /* Assets.xcassets */ = {isa = PBXFileReference; lastKnownFileType = folder.assetcatalog; path = Assets.xcassets; sourceTree = "<group>"; };
		28BC856F2C13D82200E3B62F /* Preview Assets.xcassets */ = {isa = PBXFileReference; lastKnownFileType = folder.assetcatalog; path = "Preview Assets.xcassets"; sourceTree = "<group>"; };
		28BC85752C13D82200E3B62F /* Dima MundoTests.xctest */ = {isa = PBXFileReference; explicitFileType = wrapper.cfbundle; includeInIndex = 0; path = "Dima MundoTests.xctest"; sourceTree = BUILT_PRODUCTS_DIR; };
		28BC85792C13D82200E3B62F /* Dima_MundoTests.swift */ = {isa = PBXFileReference; lastKnownFileType = sourcecode.swift; path = Dima_MundoTests.swift; sourceTree = "<group>"; };
		28BC857F2C13D82200E3B62F /* Dima MundoUITests.xctest */ = {isa = PBXFileReference; explicitFileType = wrapper.cfbundle; includeInIndex = 0; path = "Dima MundoUITests.xctest"; sourceTree = BUILT_PRODUCTS_DIR; };
		28BC85832C13D82200E3B62F /* Dima_MundoUITests.swift */ = {isa = PBXFileReference; lastKnownFileType = sourcecode.swift; path = Dima_MundoUITests.swift; sourceTree = "<group>"; };
		28BC85852C13D82200E3B62F /* Dima_MundoUITestsLaunchTests.swift */ = {isa = PBXFileReference; lastKnownFileType = sourcecode.swift; path = Dima_MundoUITestsLaunchTests.swift; sourceTree = "<group>"; };
		28BC85932C13DB1300E3B62F /* Color.swift */ = {isa = PBXFileReference; lastKnownFileType = sourcecode.swift; path = Color.swift; sourceTree = "<group>"; };
		28BC85952C13EC9D00E3B62F /* ContentView.swift */ = {isa = PBXFileReference; lastKnownFileType = sourcecode.swift; path = ContentView.swift; sourceTree = "<group>"; };
		28E6AF942C72C5C200B573DA /* AC2.mp3 */ = {isa = PBXFileReference; lastKnownFileType = audio.mp3; path = AC2.mp3; sourceTree = "<group>"; };
		28E6AF952C72C5C200B573DA /* AC1.mp3 */ = {isa = PBXFileReference; lastKnownFileType = audio.mp3; path = AC1.mp3; sourceTree = "<group>"; };
		28E6AF962C72C5C200B573DA /* AC3.mp3 */ = {isa = PBXFileReference; lastKnownFileType = audio.mp3; path = AC3.mp3; sourceTree = "<group>"; };
		28E6AF9A2C72C6AE00B573DA /* AT3.mp3 */ = {isa = PBXFileReference; lastKnownFileType = audio.mp3; path = AT3.mp3; sourceTree = "<group>"; };
		28E6AF9C2C72C6B800B573DA /* AP3.mp3 */ = {isa = PBXFileReference; lastKnownFileType = audio.mp3; path = AP3.mp3; sourceTree = "<group>"; };
		6C0D20DC2C430E72005FE8BF /* monin.riv */ = {isa = PBXFileReference; lastKnownFileType = file; path = monin.riv; sourceTree = "<group>"; };
		6C0D20E02C4310B7005FE8BF /* molly.riv */ = {isa = PBXFileReference; lastKnownFileType = file; path = molly.riv; sourceTree = "<group>"; };
		6C0D7DD12CB06BF800BFE74F /* Model.xcdatamodel */ = {isa = PBXFileReference; lastKnownFileType = wrapper.xcdatamodel; path = Model.xcdatamodel; sourceTree = "<group>"; };
		6C12CA502C345205005909E0 /* DataManager.swift */ = {isa = PBXFileReference; lastKnownFileType = sourcecode.swift; path = DataManager.swift; sourceTree = "<group>"; };
		6C12CA522C345681005909E0 /* PerfilesViewModel.swift */ = {isa = PBXFileReference; lastKnownFileType = sourcecode.swift; path = PerfilesViewModel.swift; sourceTree = "<group>"; };
		6C12CA542C34571F005909E0 /* PerfilesView.swift */ = {isa = PBXFileReference; lastKnownFileType = sourcecode.swift; path = PerfilesView.swift; sourceTree = "<group>"; };
		6C12CA562C345768005909E0 /* CrearPerfilView.swift */ = {isa = PBXFileReference; lastKnownFileType = sourcecode.swift; path = CrearPerfilView.swift; sourceTree = "<group>"; };
		6C12CA582C3481B4005909E0 /* ColorOption.swift */ = {isa = PBXFileReference; lastKnownFileType = sourcecode.swift; path = ColorOption.swift; sourceTree = "<group>"; };
		6C12CA5F2C372299005909E0 /* Dima-MundoUITests-Info.plist */ = {isa = PBXFileReference; lastKnownFileType = text.plist; path = "Dima-MundoUITests-Info.plist"; sourceTree = SOURCE_ROOT; };
		6C12CA642C372795005909E0 /* Dima-Mundo-Info.plist */ = {isa = PBXFileReference; lastKnownFileType = text.plist; path = "Dima-Mundo-Info.plist"; sourceTree = SOURCE_ROOT; };
		6C12CA652C3728D5005909E0 /* Dima-MundoTests-Info.plist */ = {isa = PBXFileReference; lastKnownFileType = text.plist; path = "Dima-MundoTests-Info.plist"; sourceTree = SOURCE_ROOT; };
		6C12CA662C372AD3005909E0 /* RifficFree-Bold.ttf */ = {isa = PBXFileReference; lastKnownFileType = file; path = "RifficFree-Bold.ttf"; sourceTree = "<group>"; };
		6C12CA682C373EA5005909E0 /* CustomKeyboardView.swift */ = {isa = PBXFileReference; lastKnownFileType = sourcecode.swift; path = CustomKeyboardView.swift; sourceTree = "<group>"; };
		6C12CA6C2C378C6B005909E0 /* MainView.swift */ = {isa = PBXFileReference; lastKnownFileType = sourcecode.swift; path = MainView.swift; sourceTree = "<group>"; };
		6C18AA232C72EA5A0011E532 /* LocalizationManager.swift */ = {isa = PBXFileReference; fileEncoding = 4; lastKnownFileType = sourcecode.swift; path = LocalizationManager.swift; sourceTree = "<group>"; };
		6C18AA242C72EA5A0011E532 /* Language.swift */ = {isa = PBXFileReference; fileEncoding = 4; lastKnownFileType = sourcecode.swift; path = Language.swift; sourceTree = "<group>"; };
		6C18AA272C72EABB0011E532 /* CustomNumericKeyboard.swift */ = {isa = PBXFileReference; fileEncoding = 4; lastKnownFileType = sourcecode.swift; path = CustomNumericKeyboard.swift; sourceTree = "<group>"; };
		6C18AA292C72EC250011E532 /* EditProfileView.swift */ = {isa = PBXFileReference; fileEncoding = 4; lastKnownFileType = sourcecode.swift; path = EditProfileView.swift; sourceTree = "<group>"; };
		6C18AA2A2C72EC250011E532 /* DashboardView.swift */ = {isa = PBXFileReference; fileEncoding = 4; lastKnownFileType = sourcecode.swift; path = DashboardView.swift; sourceTree = "<group>"; };
		6C18AA2B2C72EC250011E532 /* LoginView.swift */ = {isa = PBXFileReference; fileEncoding = 4; lastKnownFileType = sourcecode.swift; path = LoginView.swift; sourceTree = "<group>"; };
		6C245C372C73B7C80035C4AE /* RiveManager.swift */ = {isa = PBXFileReference; lastKnownFileType = sourcecode.swift; path = RiveManager.swift; sourceTree = "<group>"; };
		6C245C392C73CE600035C4AE /* splashScreen.riv */ = {isa = PBXFileReference; lastKnownFileType = file; path = splashScreen.riv; sourceTree = "<group>"; };
		6C245C3B2C73CE600035C4AE /* jack.riv */ = {isa = PBXFileReference; lastKnownFileType = file; path = jack.riv; sourceTree = "<group>"; };
		6C3558412C424CEB0085D615 /* SelectTableView.swift */ = {isa = PBXFileReference; lastKnownFileType = sourcecode.swift; path = SelectTableView.swift; sourceTree = "<group>"; };
		6C3D33A52C6309090097FDC1 /* melody.riv */ = {isa = PBXFileReference; lastKnownFileType = file; path = melody.riv; sourceTree = "<group>"; };
		6C3D33AD2C6313400097FDC1 /* cal-reto.riv */ = {isa = PBXFileReference; lastKnownFileType = file; path = "cal-reto.riv"; sourceTree = "<group>"; };
		6C55B0842C72ED6200B570BA /* SoundManager.swift */ = {isa = PBXFileReference; fileEncoding = 4; lastKnownFileType = sourcecode.swift; path = SoundManager.swift; sourceTree = "<group>"; };
		6C59BB582C8B951B00918E9A /* ImageSetView.swift */ = {isa = PBXFileReference; lastKnownFileType = sourcecode.swift; path = ImageSetView.swift; sourceTree = "<group>"; };
		6CA094BD2C430279000EDBE0 /* rivebg.riv */ = {isa = PBXFileReference; lastKnownFileType = file; path = rivebg.riv; sourceTree = "<group>"; };
		6CA094C72C430434000EDBE0 /* Fondos.swift */ = {isa = PBXFileReference; lastKnownFileType = sourcecode.swift; path = Fondos.swift; sourceTree = "<group>"; };
		6CA1474D2C8BAD7F00A589FF /* cal-ejercicios.riv */ = {isa = PBXFileReference; lastKnownFileType = file; path = "cal-ejercicios.riv"; sourceTree = "<group>"; };
		6CC2FA772C88D9F800E20432 /* ResultsView.swift */ = {isa = PBXFileReference; lastKnownFileType = sourcecode.swift; path = ResultsView.swift; sourceTree = "<group>"; };
		6CC2FA792C8AAD6700E20432 /* ResultRetoView.swift */ = {isa = PBXFileReference; lastKnownFileType = sourcecode.swift; path = ResultRetoView.swift; sourceTree = "<group>"; };
		6CCEC5572C49FAE50053F025 /* AppData.swift */ = {isa = PBXFileReference; lastKnownFileType = sourcecode.swift; path = AppData.swift; sourceTree = "<group>"; };
		6CD43F4D2C4D88FC00C1CE55 /* RiveModel.swift */ = {isa = PBXFileReference; lastKnownFileType = sourcecode.swift; path = RiveModel.swift; sourceTree = "<group>"; };
		6CD43F4F2C4D95D500C1CE55 /* CardModel.swift */ = {isa = PBXFileReference; lastKnownFileType = sourcecode.swift; path = CardModel.swift; sourceTree = "<group>"; };
		6CD43F512C4D95E000C1CE55 /* CardView.swift */ = {isa = PBXFileReference; lastKnownFileType = sourcecode.swift; path = CardView.swift; sourceTree = "<group>"; };
		6CDAC7E82C73FA600065EAB3 /* Jacobo.riv */ = {isa = PBXFileReference; lastKnownFileType = file; path = Jacobo.riv; sourceTree = "<group>"; };
		6CDF33382C4DCE1A00E9E93E /* fondos.riv */ = {isa = PBXFileReference; lastKnownFileType = file; path = fondos.riv; sourceTree = "<group>"; };
		6CF889602C73D373003305EC /* pablo2.riv */ = {isa = PBXFileReference; lastKnownFileType = file; path = pablo2.riv; sourceTree = "<group>"; };
/* End PBXFileReference section */

/* Begin PBXFrameworksBuildPhase section */
		28BC85622C13D81F00E3B62F /* Frameworks */ = {
			isa = PBXFrameworksBuildPhase;
			buildActionMask = 2147483647;
			files = (
				6C78E6EE2C39DD7400D18852 /* RiveRuntime in Frameworks */,
			);
			runOnlyForDeploymentPostprocessing = 0;
		};
		28BC85722C13D82200E3B62F /* Frameworks */ = {
			isa = PBXFrameworksBuildPhase;
			buildActionMask = 2147483647;
			files = (
			);
			runOnlyForDeploymentPostprocessing = 0;
		};
		28BC857C2C13D82200E3B62F /* Frameworks */ = {
			isa = PBXFrameworksBuildPhase;
			buildActionMask = 2147483647;
			files = (
			);
			runOnlyForDeploymentPostprocessing = 0;
		};
/* End PBXFrameworksBuildPhase section */

/* Begin PBXGroup section */
		282022DD2C6BF0AA00A8551C /* Dialogos-Ingles */ = {
			isa = PBXGroup;
			children = (
			);
			path = "Dialogos-Ingles";
			sourceTree = "<group>";
		};
		282022DE2C6BF0BE00A8551C /* Dialogos-Español */ = {
			isa = PBXGroup;
			children = (
				289489992C72A83C004A87E9 /* Bienvenido.mp3 */,
				289489882C72A591004A87E9 /* Audios-Reto */,
				289489872C72A582004A87E9 /* Audios-CrearPerfil */,
				289489862C72A571004A87E9 /* Audios-Ejercicios */,
				289489852C72A55F004A87E9 /* Audios-ElegirTabla */,
				289489832C72A537004A87E9 /* Audios-ElegirPerfil */,
			);
			name = "Dialogos-Español";
			path = "Dialogos-Español";
			sourceTree = "<group>";
		};
		2851EAF92C6D0B3A003D16DA /* TutorialView */ = {
			isa = PBXGroup;
			children = (
				2851EAFA2C6D0B58003D16DA /* TutorialView.swift */,
			);
			path = TutorialView;
			sourceTree = "<group>";
		};
		285346B22C5AB27C00707411 /* Exercises */ = {
			isa = PBXGroup;
			children = (
				285346B32C5AB2F500707411 /* TablesExView.swift */,
				2845B4A62C5F4F8A009C12FD /* RetoView.swift */,
			);
			path = Exercises;
			sourceTree = "<group>";
		};
		288B3B2D2C66726200231B23 /* Sounds */ = {
			isa = PBXGroup;
			children = (
				282022DE2C6BF0BE00A8551C /* Dialogos-Español */,
				282022DD2C6BF0AA00A8551C /* Dialogos-Ingles */,
				288B3B302C6672A300231B23 /* ChallengeFinal.mp3 */,
				288B3B312C6672A300231B23 /* Exercise.mp3 */,
				288B3B2F2C6672A300231B23 /* ExerciseResult.mp3 */,
				288B3B2E2C6672A300231B23 /* MainTheme.mp3 */,
			);
			path = Sounds;
			sourceTree = "<group>";
		};
		289489832C72A537004A87E9 /* Audios-ElegirPerfil */ = {
			isa = PBXGroup;
			children = (
				28E6AF9C2C72C6B800B573DA /* AP3.mp3 */,
				289489952C72A619004A87E9 /* AP1.mp3 */,
				289489962C72A619004A87E9 /* AP2.mp3 */,
			);
			path = "Audios-ElegirPerfil";
			sourceTree = "<group>";
		};
		289489852C72A55F004A87E9 /* Audios-ElegirTabla */ = {
			isa = PBXGroup;
			children = (
				28E6AF9A2C72C6AE00B573DA /* AT3.mp3 */,
				289489912C72A5F2004A87E9 /* AT1.mp3 */,
				289489922C72A5F2004A87E9 /* AT2.mp3 */,
			);
			path = "Audios-ElegirTabla";
			sourceTree = "<group>";
		};
		289489862C72A571004A87E9 /* Audios-Ejercicios */ = {
			isa = PBXGroup;
			children = (
				285415E32CA1EAF100E5B7E9 /* ejer1.mp3 */,
				285415E52CA1EAF100E5B7E9 /* ejer2.mp3 */,
				285415E42CA1EAF100E5B7E9 /* ejer3.mp3 */,
				285415E22CA1EAF000E5B7E9 /* ejer4.mp3 */,
				2894898C2C72A5BC004A87E9 /* AE1.mp3 */,
				289489892C72A5BC004A87E9 /* AE2.mp3 */,
				2894898A2C72A5BC004A87E9 /* AE3.mp3 */,
				2894898B2C72A5BC004A87E9 /* AE4.mp3 */,
			);
			path = "Audios-Ejercicios";
			sourceTree = "<group>";
		};
		289489872C72A582004A87E9 /* Audios-CrearPerfil */ = {
			isa = PBXGroup;
			children = (
				28E6AF952C72C5C200B573DA /* AC1.mp3 */,
				28E6AF942C72C5C200B573DA /* AC2.mp3 */,
				28E6AF962C72C5C200B573DA /* AC3.mp3 */,
			);
			path = "Audios-CrearPerfil";
			sourceTree = "<group>";
		};
		289489882C72A591004A87E9 /* Audios-Reto */ = {
			isa = PBXGroup;
			children = (
				285415EC2CA1EDEC00E5B7E9 /* reto1.mp3 */,
				285415EB2CA1EDEC00E5B7E9 /* reto2.mp3 */,
				285415ED2CA1EDEC00E5B7E9 /* reto3.mp3 */,
				285415EA2CA1EDEC00E5B7E9 /* reto4.mp3 */,
				28B5F5442C72D2FF003C4FB9 /* AR1.mp3 */,
				28B5F5402C72D2FF003C4FB9 /* AR2.mp3 */,
				285415DB2CA1E6F100E5B7E9 /* AR6.mp3 */,
				285415DA2CA1E6F100E5B7E9 /* AR7.mp3 */,
				285415D72CA1E6F000E5B7E9 /* AR8.mp3 */,
				285415D62CA1E6F000E5B7E9 /* AR9.mp3 */,
				285415D82CA1E6F000E5B7E9 /* AR10.mp3 */,
				285415D92CA1E6F100E5B7E9 /* AR11.mp3 */,
				28B5F5432C72D2FF003C4FB9 /* AR3.mp3 */,
				28B5F5412C72D2FF003C4FB9 /* AR4.mp3 */,
				28B5F5422C72D2FF003C4FB9 /* AR5.mp3 */,
			);
			path = "Audios-Reto";
			sourceTree = "<group>";
		};
		28BC855C2C13D81F00E3B62F = {
			isa = PBXGroup;
			children = (
				6C5BC84A2C3C7C1900CE95F1 /* RiveFiles */,
				6C12CA5A2C3720E5005909E0 /* Fonts */,
				28BC85672C13D81F00E3B62F /* Dima Mundo */,
				28BC85782C13D82200E3B62F /* Dima MundoTests */,
				28BC85822C13D82200E3B62F /* Dima MundoUITests */,
				28BC85662C13D81F00E3B62F /* Products */,
			);
			sourceTree = "<group>";
		};
		28BC85662C13D81F00E3B62F /* Products */ = {
			isa = PBXGroup;
			children = (
				28BC85652C13D81F00E3B62F /* Dima Mundo.app */,
				28BC85752C13D82200E3B62F /* Dima MundoTests.xctest */,
				28BC857F2C13D82200E3B62F /* Dima MundoUITests.xctest */,
			);
			name = Products;
			sourceTree = "<group>";
		};
		28BC85672C13D81F00E3B62F /* Dima Mundo */ = {
			isa = PBXGroup;
			children = (
				6C12CA642C372795005909E0 /* Dima-Mundo-Info.plist */,
				28BC85682C13D81F00E3B62F /* Dima_MundoApp.swift */,
				6C12CA4A2C33C4E1005909E0 /* Model */,
				6C12CA482C33C4CB005909E0 /* View */,
				28BC85922C13DAF100E3B62F /* Extras */,
				28BC856C2C13D82200E3B62F /* Assets.xcassets */,
				28BC856E2C13D82200E3B62F /* Preview Content */,
			);
			path = "Dima Mundo";
			sourceTree = "<group>";
		};
		28BC856E2C13D82200E3B62F /* Preview Content */ = {
			isa = PBXGroup;
			children = (
				28BC856F2C13D82200E3B62F /* Preview Assets.xcassets */,
			);
			path = "Preview Content";
			sourceTree = "<group>";
		};
		28BC85782C13D82200E3B62F /* Dima MundoTests */ = {
			isa = PBXGroup;
			children = (
				6C12CA652C3728D5005909E0 /* Dima-MundoTests-Info.plist */,
				28BC85792C13D82200E3B62F /* Dima_MundoTests.swift */,
			);
			path = "Dima MundoTests";
			sourceTree = "<group>";
		};
		28BC85822C13D82200E3B62F /* Dima MundoUITests */ = {
			isa = PBXGroup;
			children = (
				6C12CA5F2C372299005909E0 /* Dima-MundoUITests-Info.plist */,
				28BC85832C13D82200E3B62F /* Dima_MundoUITests.swift */,
				28BC85852C13D82200E3B62F /* Dima_MundoUITestsLaunchTests.swift */,
			);
			path = "Dima MundoUITests";
			sourceTree = "<group>";
		};
		28BC85922C13DAF100E3B62F /* Extras */ = {
			isa = PBXGroup;
			children = (
				6C55B0842C72ED6200B570BA /* SoundManager.swift */,
				6C12CA682C373EA5005909E0 /* CustomKeyboardView.swift */,
				6C18AA272C72EABB0011E532 /* CustomNumericKeyboard.swift */,
				2851EAF92C6D0B3A003D16DA /* TutorialView */,
				288B3B2D2C66726200231B23 /* Sounds */,
				28BC85932C13DB1300E3B62F /* Color.swift */,
				6C12CA582C3481B4005909E0 /* ColorOption.swift */,
				6C59BB582C8B951B00918E9A /* ImageSetView.swift */,
			);
			path = Extras;
			sourceTree = "<group>";
		};
		6C12CA482C33C4CB005909E0 /* View */ = {
			isa = PBXGroup;
			children = (
				6C3558442C424D6F0085D615 /* Navigation */,
				6C12CA4B2C33C4FD005909E0 /* Backgrounds */,
			);
			path = View;
			sourceTree = "<group>";
		};
		6C12CA4A2C33C4E1005909E0 /* Model */ = {
			isa = PBXGroup;
			children = (
				6C0D7DD02CB06BF800BFE74F /* Model.xcdatamodeld */,
				6C18AA242C72EA5A0011E532 /* Language.swift */,
				6C18AA232C72EA5A0011E532 /* LocalizationManager.swift */,
				6C12CA502C345205005909E0 /* DataManager.swift */,
				6C12CA522C345681005909E0 /* PerfilesViewModel.swift */,
				6CD43F4D2C4D88FC00C1CE55 /* RiveModel.swift */,
				6CCEC5572C49FAE50053F025 /* AppData.swift */,
				6CD43F4F2C4D95D500C1CE55 /* CardModel.swift */,
				6C245C372C73B7C80035C4AE /* RiveManager.swift */,
			);
			path = Model;
			sourceTree = "<group>";
		};
		6C12CA4B2C33C4FD005909E0 /* Backgrounds */ = {
			isa = PBXGroup;
			children = (
				6CA094C72C430434000EDBE0 /* Fondos.swift */,
			);
			path = Backgrounds;
			sourceTree = "<group>";
		};
		6C12CA5A2C3720E5005909E0 /* Fonts */ = {
			isa = PBXGroup;
			children = (
				6C12CA662C372AD3005909E0 /* RifficFree-Bold.ttf */,
			);
			path = Fonts;
			sourceTree = "<group>";
		};
		6C3558442C424D6F0085D615 /* Navigation */ = {
			isa = PBXGroup;
			children = (
				28BC85952C13EC9D00E3B62F /* ContentView.swift */,
				6C12CA6C2C378C6B005909E0 /* MainView.swift */,
				6C12CA542C34571F005909E0 /* PerfilesView.swift */,
				6C12CA562C345768005909E0 /* CrearPerfilView.swift */,
				6C3558412C424CEB0085D615 /* SelectTableView.swift */,
				6CD43F512C4D95E000C1CE55 /* CardView.swift */,
				285346B22C5AB27C00707411 /* Exercises */,
				6C18AA2A2C72EC250011E532 /* DashboardView.swift */,
				6C18AA292C72EC250011E532 /* EditProfileView.swift */,
				6C18AA2B2C72EC250011E532 /* LoginView.swift */,
				282022D72C6BE6BA00A8551C /* InfoView.swift */,
				6CC2FA772C88D9F800E20432 /* ResultsView.swift */,
				6CC2FA792C8AAD6700E20432 /* ResultRetoView.swift */,
			);
			path = Navigation;
			sourceTree = "<group>";
		};
		6C5BC84A2C3C7C1900CE95F1 /* RiveFiles */ = {
			isa = PBXGroup;
			children = (
				6CA1474D2C8BAD7F00A589FF /* cal-ejercicios.riv */,
				6CDAC7E82C73FA600065EAB3 /* Jacobo.riv */,
				6CF889602C73D373003305EC /* pablo2.riv */,
				6C245C3B2C73CE600035C4AE /* jack.riv */,
				6C245C392C73CE600035C4AE /* splashScreen.riv */,
				282022DB2C6BE9B000A8551C /* info-view.riv */,
				6C3D33AD2C6313400097FDC1 /* cal-reto.riv */,
				6C3D33A52C6309090097FDC1 /* melody.riv */,
				6CDF33382C4DCE1A00E9E93E /* fondos.riv */,
				6C0D20E02C4310B7005FE8BF /* molly.riv */,
				6C0D20DC2C430E72005FE8BF /* monin.riv */,
				6CA094BD2C430279000EDBE0 /* rivebg.riv */,
			);
			path = RiveFiles;
			sourceTree = "<group>";
		};
/* End PBXGroup section */

/* Begin PBXNativeTarget section */
		28BC85642C13D81F00E3B62F /* Dima Mundo */ = {
			isa = PBXNativeTarget;
			buildConfigurationList = 28BC85892C13D82200E3B62F /* Build configuration list for PBXNativeTarget "Dima Mundo" */;
			buildPhases = (
				28BC85612C13D81F00E3B62F /* Sources */,
				28BC85622C13D81F00E3B62F /* Frameworks */,
				28BC85632C13D81F00E3B62F /* Resources */,
			);
			buildRules = (
			);
			dependencies = (
			);
			name = "Dima Mundo";
			packageProductDependencies = (
				6C78E6ED2C39DD7400D18852 /* RiveRuntime */,
			);
			productName = "Dima Mundo";
			productReference = 28BC85652C13D81F00E3B62F /* Dima Mundo.app */;
			productType = "com.apple.product-type.application";
		};
		28BC85742C13D82200E3B62F /* Dima MundoTests */ = {
			isa = PBXNativeTarget;
			buildConfigurationList = 28BC858C2C13D82200E3B62F /* Build configuration list for PBXNativeTarget "Dima MundoTests" */;
			buildPhases = (
				28BC85712C13D82200E3B62F /* Sources */,
				28BC85722C13D82200E3B62F /* Frameworks */,
				28BC85732C13D82200E3B62F /* Resources */,
			);
			buildRules = (
			);
			dependencies = (
				28BC85772C13D82200E3B62F /* PBXTargetDependency */,
			);
			name = "Dima MundoTests";
			productName = "Dima MundoTests";
			productReference = 28BC85752C13D82200E3B62F /* Dima MundoTests.xctest */;
			productType = "com.apple.product-type.bundle.unit-test";
		};
		28BC857E2C13D82200E3B62F /* Dima MundoUITests */ = {
			isa = PBXNativeTarget;
			buildConfigurationList = 28BC858F2C13D82200E3B62F /* Build configuration list for PBXNativeTarget "Dima MundoUITests" */;
			buildPhases = (
				28BC857B2C13D82200E3B62F /* Sources */,
				28BC857C2C13D82200E3B62F /* Frameworks */,
				28BC857D2C13D82200E3B62F /* Resources */,
			);
			buildRules = (
			);
			dependencies = (
				28BC85812C13D82200E3B62F /* PBXTargetDependency */,
			);
			name = "Dima MundoUITests";
			productName = "Dima MundoUITests";
			productReference = 28BC857F2C13D82200E3B62F /* Dima MundoUITests.xctest */;
			productType = "com.apple.product-type.bundle.ui-testing";
		};
/* End PBXNativeTarget section */

/* Begin PBXProject section */
		28BC855D2C13D81F00E3B62F /* Project object */ = {
			isa = PBXProject;
			attributes = {
				BuildIndependentTargetsInParallel = 1;
				LastSwiftUpdateCheck = 1530;
				LastUpgradeCheck = 1530;
				TargetAttributes = {
					28BC85642C13D81F00E3B62F = {
						CreatedOnToolsVersion = 15.3;
					};
					28BC85742C13D82200E3B62F = {
						CreatedOnToolsVersion = 15.3;
						TestTargetID = 28BC85642C13D81F00E3B62F;
					};
					28BC857E2C13D82200E3B62F = {
						CreatedOnToolsVersion = 15.3;
						TestTargetID = 28BC85642C13D81F00E3B62F;
					};
				};
			};
			buildConfigurationList = 28BC85602C13D81F00E3B62F /* Build configuration list for PBXProject "Dima Mundo" */;
			compatibilityVersion = "Xcode 14.0";
			developmentRegion = en;
			hasScannedForEncodings = 0;
			knownRegions = (
				en,
				Base,
			);
			mainGroup = 28BC855C2C13D81F00E3B62F;
			packageReferences = (
				6C78E6EC2C39DD7400D18852 /* XCRemoteSwiftPackageReference "rive-ios" */,
			);
			productRefGroup = 28BC85662C13D81F00E3B62F /* Products */;
			projectDirPath = "";
			projectRoot = "";
			targets = (
				28BC85642C13D81F00E3B62F /* Dima Mundo */,
				28BC85742C13D82200E3B62F /* Dima MundoTests */,
				28BC857E2C13D82200E3B62F /* Dima MundoUITests */,
			);
		};
/* End PBXProject section */

/* Begin PBXResourcesBuildPhase section */
		28BC85632C13D81F00E3B62F /* Resources */ = {
			isa = PBXResourcesBuildPhase;
			buildActionMask = 2147483647;
			files = (
				28B5F5472C72D2FF003C4FB9 /* AR5.mp3 in Resources */,
				285415E82CA1EAF100E5B7E9 /* ejer3.mp3 in Resources */,
				6C0D20E12C4310B7005FE8BF /* molly.riv in Resources */,
				288B3B352C6672A300231B23 /* Exercise.mp3 in Resources */,
				6CDF33392C4DCE1A00E9E93E /* fondos.riv in Resources */,
				6C3D33AE2C6313400097FDC1 /* cal-reto.riv in Resources */,
				285415E62CA1EAF100E5B7E9 /* ejer4.mp3 in Resources */,
				2894898D2C72A5BC004A87E9 /* AE2.mp3 in Resources */,
				6CA094C42C430279000EDBE0 /* rivebg.riv in Resources */,
				28E6AF9B2C72C6AE00B573DA /* AT3.mp3 in Resources */,
				285415E12CA1E6F100E5B7E9 /* AR6.mp3 in Resources */,
				28B5F5492C72D2FF003C4FB9 /* AR1.mp3 in Resources */,
				28BC85702C13D82200E3B62F /* Preview Assets.xcassets in Resources */,
				288B3B342C6672A300231B23 /* ChallengeFinal.mp3 in Resources */,
				28E6AF982C72C5C200B573DA /* AC1.mp3 in Resources */,
				28B5F5482C72D2FF003C4FB9 /* AR3.mp3 in Resources */,
				6C245C3C2C73CE600035C4AE /* splashScreen.riv in Resources */,
				285415DD2CA1E6F100E5B7E9 /* AR8.mp3 in Resources */,
				282022DC2C6BE9B000A8551C /* info-view.riv in Resources */,
				285415F02CA1EDEC00E5B7E9 /* reto1.mp3 in Resources */,
				285415DE2CA1E6F100E5B7E9 /* AR10.mp3 in Resources */,
				28B5F5452C72D2FF003C4FB9 /* AR2.mp3 in Resources */,
				288B3B322C6672A300231B23 /* MainTheme.mp3 in Resources */,
				289489932C72A5F2004A87E9 /* AT1.mp3 in Resources */,
				6C12CA672C372AD4005909E0 /* RifficFree-Bold.ttf in Resources */,
				28E6AF9D2C72C6B800B573DA /* AP3.mp3 in Resources */,
				289489902C72A5BC004A87E9 /* AE1.mp3 in Resources */,
				285415DF2CA1E6F100E5B7E9 /* AR11.mp3 in Resources */,
				28E6AF972C72C5C200B573DA /* AC2.mp3 in Resources */,
				2894898E2C72A5BC004A87E9 /* AE3.mp3 in Resources */,
				285415E72CA1EAF100E5B7E9 /* ejer1.mp3 in Resources */,
				28E6AF992C72C5C200B573DA /* AC3.mp3 in Resources */,
				289489982C72A619004A87E9 /* AP2.mp3 in Resources */,
				6CF889612C73D373003305EC /* pablo2.riv in Resources */,
				285415EF2CA1EDEC00E5B7E9 /* reto2.mp3 in Resources */,
				28BC856D2C13D82200E3B62F /* Assets.xcassets in Resources */,
				6C245C422C73CE600035C4AE /* jack.riv in Resources */,
				28B5F5462C72D2FF003C4FB9 /* AR4.mp3 in Resources */,
				285415EE2CA1EDEC00E5B7E9 /* reto4.mp3 in Resources */,
				285415DC2CA1E6F100E5B7E9 /* AR9.mp3 in Resources */,
				285415F12CA1EDEC00E5B7E9 /* reto3.mp3 in Resources */,
				289489942C72A5F2004A87E9 /* AT2.mp3 in Resources */,
				285415E02CA1E6F100E5B7E9 /* AR7.mp3 in Resources */,
				6CA1474E2C8BAD7F00A589FF /* cal-ejercicios.riv in Resources */,
				2894898F2C72A5BC004A87E9 /* AE4.mp3 in Resources */,
				2894899A2C72A83C004A87E9 /* Bienvenido.mp3 in Resources */,
				6C0D20DD2C430E72005FE8BF /* monin.riv in Resources */,
				6CDAC7E92C73FA600065EAB3 /* Jacobo.riv in Resources */,
				289489972C72A619004A87E9 /* AP1.mp3 in Resources */,
				6C3D33A62C6309090097FDC1 /* melody.riv in Resources */,
				288B3B332C6672A300231B23 /* ExerciseResult.mp3 in Resources */,
				285415E92CA1EAF100E5B7E9 /* ejer2.mp3 in Resources */,
			);
			runOnlyForDeploymentPostprocessing = 0;
		};
		28BC85732C13D82200E3B62F /* Resources */ = {
			isa = PBXResourcesBuildPhase;
			buildActionMask = 2147483647;
			files = (
				6CA1474F2C8BAD7F00A589FF /* cal-ejercicios.riv in Resources */,
				6C245C452C73D2280035C4AE /* info-view.riv in Resources */,
				6C0D20E22C4310B7005FE8BF /* molly.riv in Resources */,
				6C3D33AF2C6313400097FDC1 /* cal-reto.riv in Resources */,
				6C3D33A72C6309090097FDC1 /* melody.riv in Resources */,
				6C245C432C73CE600035C4AE /* jack.riv in Resources */,
				6C245C3D2C73CE600035C4AE /* splashScreen.riv in Resources */,
				6C12CA6B2C378506005909E0 /* RifficFree-Bold.ttf in Resources */,
				6C0D20DE2C430E72005FE8BF /* monin.riv in Resources */,
				6CDF333A2C4DCE1A00E9E93E /* fondos.riv in Resources */,
				6CDAC7EA2C73FA600065EAB3 /* Jacobo.riv in Resources */,
				6CF889622C73D373003305EC /* pablo2.riv in Resources */,
				6CA094C52C430279000EDBE0 /* rivebg.riv in Resources */,
			);
			runOnlyForDeploymentPostprocessing = 0;
		};
		28BC857D2C13D82200E3B62F /* Resources */ = {
			isa = PBXResourcesBuildPhase;
			buildActionMask = 2147483647;
			files = (
				6C0D20E32C4310B7005FE8BF /* molly.riv in Resources */,
				6C3D33B02C6313400097FDC1 /* cal-reto.riv in Resources */,
				6C3D33A82C6309090097FDC1 /* melody.riv in Resources */,
				6CDAC7EB2C73FA600065EAB3 /* Jacobo.riv in Resources */,
				6C245C442C73CE600035C4AE /* jack.riv in Resources */,
				6C245C3E2C73CE600035C4AE /* splashScreen.riv in Resources */,
				6C12CA6A2C378505005909E0 /* RifficFree-Bold.ttf in Resources */,
				6C0D20DF2C430E72005FE8BF /* monin.riv in Resources */,
				6CDF333B2C4DCE1A00E9E93E /* fondos.riv in Resources */,
				6CA094C62C430279000EDBE0 /* rivebg.riv in Resources */,
				6CA147502C8BAD7F00A589FF /* cal-ejercicios.riv in Resources */,
				6CF889632C73D373003305EC /* pablo2.riv in Resources */,
			);
			runOnlyForDeploymentPostprocessing = 0;
		};
/* End PBXResourcesBuildPhase section */

/* Begin PBXSourcesBuildPhase section */
		28BC85612C13D81F00E3B62F /* Sources */ = {
			isa = PBXSourcesBuildPhase;
			buildActionMask = 2147483647;
			files = (
				6C46EE382C8BAC1A00D85D3F /* cal-reto.riv in Sources */,
				6C12CA532C345681005909E0 /* PerfilesViewModel.swift in Sources */,
				6CA094C82C430434000EDBE0 /* Fondos.swift in Sources */,
				6C55B0852C72ED6200B570BA /* SoundManager.swift in Sources */,
				6CD43F502C4D95D600C1CE55 /* CardModel.swift in Sources */,
				6C3558422C424CEB0085D615 /* SelectTableView.swift in Sources */,
				6C12CA6D2C378C6B005909E0 /* MainView.swift in Sources */,
				2845B4A72C5F4F8A009C12FD /* RetoView.swift in Sources */,
				6C18AA282C72EABB0011E532 /* CustomNumericKeyboard.swift in Sources */,
				6C12CA692C373EA5005909E0 /* CustomKeyboardView.swift in Sources */,
				28BC85692C13D81F00E3B62F /* Dima_MundoApp.swift in Sources */,
				6C12CA512C345205005909E0 /* DataManager.swift in Sources */,
				6C12CA552C345720005909E0 /* PerfilesView.swift in Sources */,
				6CC2FA782C88D9F800E20432 /* ResultsView.swift in Sources */,
				6C12CA592C3481B4005909E0 /* ColorOption.swift in Sources */,
				282022D82C6BE6BA00A8551C /* InfoView.swift in Sources */,
				6C18AA252C72EA5A0011E532 /* LocalizationManager.swift in Sources */,
				28BC85962C13EC9D00E3B62F /* ContentView.swift in Sources */,
				6CD43F522C4D95E000C1CE55 /* CardView.swift in Sources */,
				285346B42C5AB2F500707411 /* TablesExView.swift in Sources */,
				6C0D7DD22CB06BF800BFE74F /* Model.xcdatamodeld in Sources */,
				6CCEC5582C49FAE50053F025 /* AppData.swift in Sources */,
				28BC85942C13DB1300E3B62F /* Color.swift in Sources */,
				2851EAFB2C6D0B58003D16DA /* TutorialView.swift in Sources */,
				6C245C382C73B7C80035C4AE /* RiveManager.swift in Sources */,
				6C18AA2E2C72EC250011E532 /* LoginView.swift in Sources */,
				6C18AA2D2C72EC250011E532 /* DashboardView.swift in Sources */,
				6C59BB592C8B951B00918E9A /* ImageSetView.swift in Sources */,
				6C18AA262C72EA5A0011E532 /* Language.swift in Sources */,
				6C12CA572C345768005909E0 /* CrearPerfilView.swift in Sources */,
				6C18AA2C2C72EC250011E532 /* EditProfileView.swift in Sources */,
				6CC2FA7A2C8AAD6700E20432 /* ResultRetoView.swift in Sources */,
				6CD43F4E2C4D88FC00C1CE55 /* RiveModel.swift in Sources */,
			);
			runOnlyForDeploymentPostprocessing = 0;
		};
		28BC85712C13D82200E3B62F /* Sources */ = {
			isa = PBXSourcesBuildPhase;
			buildActionMask = 2147483647;
			files = (
				6CA094C92C430434000EDBE0 /* Fondos.swift in Sources */,
				28BC857A2C13D82200E3B62F /* Dima_MundoTests.swift in Sources */,
			);
			runOnlyForDeploymentPostprocessing = 0;
		};
		28BC857B2C13D82200E3B62F /* Sources */ = {
			isa = PBXSourcesBuildPhase;
			buildActionMask = 2147483647;
			files = (
				28BC85842C13D82200E3B62F /* Dima_MundoUITests.swift in Sources */,
				6CA094CA2C430434000EDBE0 /* Fondos.swift in Sources */,
				28BC85862C13D82200E3B62F /* Dima_MundoUITestsLaunchTests.swift in Sources */,
			);
			runOnlyForDeploymentPostprocessing = 0;
		};
/* End PBXSourcesBuildPhase section */

/* Begin PBXTargetDependency section */
		28BC85772C13D82200E3B62F /* PBXTargetDependency */ = {
			isa = PBXTargetDependency;
			target = 28BC85642C13D81F00E3B62F /* Dima Mundo */;
			targetProxy = 28BC85762C13D82200E3B62F /* PBXContainerItemProxy */;
		};
		28BC85812C13D82200E3B62F /* PBXTargetDependency */ = {
			isa = PBXTargetDependency;
			target = 28BC85642C13D81F00E3B62F /* Dima Mundo */;
			targetProxy = 28BC85802C13D82200E3B62F /* PBXContainerItemProxy */;
		};
/* End PBXTargetDependency section */

/* Begin XCBuildConfiguration section */
		28BC85872C13D82200E3B62F /* Debug */ = {
			isa = XCBuildConfiguration;
			buildSettings = {
				ALWAYS_SEARCH_USER_PATHS = NO;
				ASSETCATALOG_COMPILER_GENERATE_SWIFT_ASSET_SYMBOL_EXTENSIONS = YES;
				CLANG_ANALYZER_NONNULL = YES;
				CLANG_ANALYZER_NUMBER_OBJECT_CONVERSION = YES_AGGRESSIVE;
				CLANG_CXX_LANGUAGE_STANDARD = "gnu++20";
				CLANG_ENABLE_MODULES = YES;
				CLANG_ENABLE_OBJC_ARC = YES;
				CLANG_ENABLE_OBJC_WEAK = YES;
				CLANG_WARN_BLOCK_CAPTURE_AUTORELEASING = YES;
				CLANG_WARN_BOOL_CONVERSION = YES;
				CLANG_WARN_COMMA = YES;
				CLANG_WARN_CONSTANT_CONVERSION = YES;
				CLANG_WARN_DEPRECATED_OBJC_IMPLEMENTATIONS = YES;
				CLANG_WARN_DIRECT_OBJC_ISA_USAGE = YES_ERROR;
				CLANG_WARN_DOCUMENTATION_COMMENTS = YES;
				CLANG_WARN_EMPTY_BODY = YES;
				CLANG_WARN_ENUM_CONVERSION = YES;
				CLANG_WARN_INFINITE_RECURSION = YES;
				CLANG_WARN_INT_CONVERSION = YES;
				CLANG_WARN_NON_LITERAL_NULL_CONVERSION = YES;
				CLANG_WARN_OBJC_IMPLICIT_RETAIN_SELF = YES;
				CLANG_WARN_OBJC_LITERAL_CONVERSION = YES;
				CLANG_WARN_OBJC_ROOT_CLASS = YES_ERROR;
				CLANG_WARN_QUOTED_INCLUDE_IN_FRAMEWORK_HEADER = YES;
				CLANG_WARN_RANGE_LOOP_ANALYSIS = YES;
				CLANG_WARN_STRICT_PROTOTYPES = YES;
				CLANG_WARN_SUSPICIOUS_MOVE = YES;
				CLANG_WARN_UNGUARDED_AVAILABILITY = YES_AGGRESSIVE;
				CLANG_WARN_UNREACHABLE_CODE = YES;
				CLANG_WARN__DUPLICATE_METHOD_MATCH = YES;
				COPY_PHASE_STRIP = NO;
				DEBUG_INFORMATION_FORMAT = dwarf;
				ENABLE_STRICT_OBJC_MSGSEND = YES;
				ENABLE_TESTABILITY = YES;
				ENABLE_USER_SCRIPT_SANDBOXING = YES;
				GCC_C_LANGUAGE_STANDARD = gnu17;
				GCC_DYNAMIC_NO_PIC = NO;
				GCC_NO_COMMON_BLOCKS = YES;
				GCC_OPTIMIZATION_LEVEL = 0;
				GCC_PREPROCESSOR_DEFINITIONS = (
					"DEBUG=1",
					"$(inherited)",
				);
				GCC_WARN_64_TO_32_BIT_CONVERSION = YES;
				GCC_WARN_ABOUT_RETURN_TYPE = YES_ERROR;
				GCC_WARN_UNDECLARED_SELECTOR = YES;
				GCC_WARN_UNINITIALIZED_AUTOS = YES_AGGRESSIVE;
				GCC_WARN_UNUSED_FUNCTION = YES;
				GCC_WARN_UNUSED_VARIABLE = YES;
				IPHONEOS_DEPLOYMENT_TARGET = 17.4;
				LOCALIZATION_PREFERS_STRING_CATALOGS = YES;
				MTL_ENABLE_DEBUG_INFO = INCLUDE_SOURCE;
				MTL_FAST_MATH = YES;
				ONLY_ACTIVE_ARCH = YES;
				SDKROOT = iphoneos;
				SWIFT_ACTIVE_COMPILATION_CONDITIONS = "DEBUG $(inherited)";
				SWIFT_OPTIMIZATION_LEVEL = "-Onone";
			};
			name = Debug;
		};
		28BC85882C13D82200E3B62F /* Release */ = {
			isa = XCBuildConfiguration;
			buildSettings = {
				ALWAYS_SEARCH_USER_PATHS = NO;
				ASSETCATALOG_COMPILER_GENERATE_SWIFT_ASSET_SYMBOL_EXTENSIONS = YES;
				CLANG_ANALYZER_NONNULL = YES;
				CLANG_ANALYZER_NUMBER_OBJECT_CONVERSION = YES_AGGRESSIVE;
				CLANG_CXX_LANGUAGE_STANDARD = "gnu++20";
				CLANG_ENABLE_MODULES = YES;
				CLANG_ENABLE_OBJC_ARC = YES;
				CLANG_ENABLE_OBJC_WEAK = YES;
				CLANG_WARN_BLOCK_CAPTURE_AUTORELEASING = YES;
				CLANG_WARN_BOOL_CONVERSION = YES;
				CLANG_WARN_COMMA = YES;
				CLANG_WARN_CONSTANT_CONVERSION = YES;
				CLANG_WARN_DEPRECATED_OBJC_IMPLEMENTATIONS = YES;
				CLANG_WARN_DIRECT_OBJC_ISA_USAGE = YES_ERROR;
				CLANG_WARN_DOCUMENTATION_COMMENTS = YES;
				CLANG_WARN_EMPTY_BODY = YES;
				CLANG_WARN_ENUM_CONVERSION = YES;
				CLANG_WARN_INFINITE_RECURSION = YES;
				CLANG_WARN_INT_CONVERSION = YES;
				CLANG_WARN_NON_LITERAL_NULL_CONVERSION = YES;
				CLANG_WARN_OBJC_IMPLICIT_RETAIN_SELF = YES;
				CLANG_WARN_OBJC_LITERAL_CONVERSION = YES;
				CLANG_WARN_OBJC_ROOT_CLASS = YES_ERROR;
				CLANG_WARN_QUOTED_INCLUDE_IN_FRAMEWORK_HEADER = YES;
				CLANG_WARN_RANGE_LOOP_ANALYSIS = YES;
				CLANG_WARN_STRICT_PROTOTYPES = YES;
				CLANG_WARN_SUSPICIOUS_MOVE = YES;
				CLANG_WARN_UNGUARDED_AVAILABILITY = YES_AGGRESSIVE;
				CLANG_WARN_UNREACHABLE_CODE = YES;
				CLANG_WARN__DUPLICATE_METHOD_MATCH = YES;
				COPY_PHASE_STRIP = NO;
				DEBUG_INFORMATION_FORMAT = "dwarf-with-dsym";
				ENABLE_NS_ASSERTIONS = NO;
				ENABLE_STRICT_OBJC_MSGSEND = YES;
				ENABLE_USER_SCRIPT_SANDBOXING = YES;
				GCC_C_LANGUAGE_STANDARD = gnu17;
				GCC_NO_COMMON_BLOCKS = YES;
				GCC_WARN_64_TO_32_BIT_CONVERSION = YES;
				GCC_WARN_ABOUT_RETURN_TYPE = YES_ERROR;
				GCC_WARN_UNDECLARED_SELECTOR = YES;
				GCC_WARN_UNINITIALIZED_AUTOS = YES_AGGRESSIVE;
				GCC_WARN_UNUSED_FUNCTION = YES;
				GCC_WARN_UNUSED_VARIABLE = YES;
				IPHONEOS_DEPLOYMENT_TARGET = 17.4;
				LOCALIZATION_PREFERS_STRING_CATALOGS = YES;
				MTL_ENABLE_DEBUG_INFO = NO;
				MTL_FAST_MATH = YES;
				SDKROOT = iphoneos;
				SWIFT_COMPILATION_MODE = wholemodule;
				VALIDATE_PRODUCT = YES;
			};
			name = Release;
		};
		28BC858A2C13D82200E3B62F /* Debug */ = {
			isa = XCBuildConfiguration;
			buildSettings = {
				ASSETCATALOG_COMPILER_APPICON_NAME = AppIcon;
				ASSETCATALOG_COMPILER_GLOBAL_ACCENT_COLOR_NAME = AccentColor;
				CODE_SIGN_STYLE = Automatic;
				CURRENT_PROJECT_VERSION = 1;
				DEVELOPMENT_ASSET_PATHS = "\"Dima Mundo/Preview Content\"";
				DEVELOPMENT_TEAM = X9FRX99HPJ;
				ENABLE_PREVIEWS = YES;
				GENERATE_INFOPLIST_FILE = YES;
				INFOPLIST_FILE = "Dima-Mundo-Info.plist";
				INFOPLIST_KEY_NSMicrophoneUsageDescription = "";
				INFOPLIST_KEY_NSSpeechRecognitionUsageDescription = "";
				INFOPLIST_KEY_UIApplicationSceneManifest_Generation = YES;
				INFOPLIST_KEY_UIApplicationSupportsIndirectInputEvents = YES;
				INFOPLIST_KEY_UILaunchScreen_Generation = YES;
				INFOPLIST_KEY_UISupportedInterfaceOrientations_iPad = "UIInterfaceOrientationLandscapeLeft UIInterfaceOrientationLandscapeRight";
				INFOPLIST_KEY_UISupportedInterfaceOrientations_iPhone = "UIInterfaceOrientationLandscapeLeft UIInterfaceOrientationLandscapeRight";
				IPHONEOS_DEPLOYMENT_TARGET = 17.1;
				LD_RUNPATH_SEARCH_PATHS = (
					"$(inherited)",
					"@executable_path/Frameworks",
				);
				MARKETING_VERSION = 1.0;
				PRODUCT_BUNDLE_IDENTIFIER = "michmundo.dima-mundosol";
				PRODUCT_NAME = "$(TARGET_NAME)";
				SUPPORTED_PLATFORMS = "iphoneos iphonesimulator";
				SUPPORTS_MACCATALYST = NO;
				SWIFT_EMIT_LOC_STRINGS = YES;
				SWIFT_VERSION = 5.0;
				TARGETED_DEVICE_FAMILY = 2;
			};
			name = Debug;
		};
		28BC858B2C13D82200E3B62F /* Release */ = {
			isa = XCBuildConfiguration;
			buildSettings = {
				ASSETCATALOG_COMPILER_APPICON_NAME = AppIcon;
				ASSETCATALOG_COMPILER_GLOBAL_ACCENT_COLOR_NAME = AccentColor;
				CODE_SIGN_STYLE = Automatic;
				CURRENT_PROJECT_VERSION = 1;
				DEVELOPMENT_ASSET_PATHS = "\"Dima Mundo/Preview Content\"";
				DEVELOPMENT_TEAM = 46TQZAB5Z5;
				ENABLE_PREVIEWS = YES;
				GENERATE_INFOPLIST_FILE = YES;
				INFOPLIST_FILE = "Dima-Mundo-Info.plist";
				INFOPLIST_KEY_NSMicrophoneUsageDescription = "";
				INFOPLIST_KEY_NSSpeechRecognitionUsageDescription = "";
				INFOPLIST_KEY_UIApplicationSceneManifest_Generation = YES;
				INFOPLIST_KEY_UIApplicationSupportsIndirectInputEvents = YES;
				INFOPLIST_KEY_UILaunchScreen_Generation = YES;
				INFOPLIST_KEY_UISupportedInterfaceOrientations_iPad = "UIInterfaceOrientationLandscapeLeft UIInterfaceOrientationLandscapeRight";
				INFOPLIST_KEY_UISupportedInterfaceOrientations_iPhone = "UIInterfaceOrientationLandscapeLeft UIInterfaceOrientationLandscapeRight";
				IPHONEOS_DEPLOYMENT_TARGET = 17.1;
				LD_RUNPATH_SEARCH_PATHS = (
					"$(inherited)",
					"@executable_path/Frameworks",
				);
				MARKETING_VERSION = 1.0;
				PRODUCT_BUNDLE_IDENTIFIER = "michmundo.dima-mundosol";
				PRODUCT_NAME = "$(TARGET_NAME)";
				SUPPORTED_PLATFORMS = "iphoneos iphonesimulator";
				SUPPORTS_MACCATALYST = NO;
				SWIFT_EMIT_LOC_STRINGS = YES;
				SWIFT_VERSION = 5.0;
				TARGETED_DEVICE_FAMILY = 2;
			};
			name = Release;
		};
		28BC858D2C13D82200E3B62F /* Debug */ = {
			isa = XCBuildConfiguration;
			buildSettings = {
				ALWAYS_EMBED_SWIFT_STANDARD_LIBRARIES = YES;
				BUNDLE_LOADER = "$(TEST_HOST)";
				CODE_SIGN_STYLE = Automatic;
				CURRENT_PROJECT_VERSION = 1;
				DEVELOPMENT_TEAM = X9FRX99HPJ;
				GENERATE_INFOPLIST_FILE = YES;
				INFOPLIST_FILE = "Dima-MundoTests-Info.plist";
				IPHONEOS_DEPLOYMENT_TARGET = 17.4;
				MARKETING_VERSION = 1.0;
				PRODUCT_BUNDLE_IDENTIFIER = "michmundo.dima-mundo";
				PRODUCT_NAME = "$(TARGET_NAME)";
				SWIFT_EMIT_LOC_STRINGS = NO;
				SWIFT_VERSION = 5.0;
				TARGETED_DEVICE_FAMILY = "1,2";
				TEST_HOST = "$(BUILT_PRODUCTS_DIR)/Dima Mundo.app/$(BUNDLE_EXECUTABLE_FOLDER_PATH)/Dima Mundo";
			};
			name = Debug;
		};
		28BC858E2C13D82200E3B62F /* Release */ = {
			isa = XCBuildConfiguration;
			buildSettings = {
				ALWAYS_EMBED_SWIFT_STANDARD_LIBRARIES = YES;
				BUNDLE_LOADER = "$(TEST_HOST)";
				CODE_SIGN_STYLE = Automatic;
				CURRENT_PROJECT_VERSION = 1;
				DEVELOPMENT_TEAM = ZKS2NRWRZN;
				GENERATE_INFOPLIST_FILE = YES;
				INFOPLIST_FILE = "Dima-MundoTests-Info.plist";
				IPHONEOS_DEPLOYMENT_TARGET = 17.4;
				MARKETING_VERSION = 1.0;
				PRODUCT_BUNDLE_IDENTIFIER = "bipo2.Dima-MundoTests";
				PRODUCT_NAME = "$(TARGET_NAME)";
				SWIFT_EMIT_LOC_STRINGS = NO;
				SWIFT_VERSION = 5.0;
				TARGETED_DEVICE_FAMILY = "1,2";
				TEST_HOST = "$(BUILT_PRODUCTS_DIR)/Dima Mundo.app/$(BUNDLE_EXECUTABLE_FOLDER_PATH)/Dima Mundo";
			};
			name = Release;
		};
		28BC85902C13D82200E3B62F /* Debug */ = {
			isa = XCBuildConfiguration;
			buildSettings = {
				ALWAYS_EMBED_SWIFT_STANDARD_LIBRARIES = YES;
				CODE_SIGN_STYLE = Automatic;
				CURRENT_PROJECT_VERSION = 1;
				DEVELOPMENT_TEAM = X9FRX99HPJ;
				GENERATE_INFOPLIST_FILE = YES;
				INFOPLIST_FILE = "Dima-MundoUITests-Info.plist";
				INFOPLIST_KEY_NSMicrophoneUsageDescription = "";
				INFOPLIST_KEY_NSSpeechRecognitionUsageDescription = "";
				MARKETING_VERSION = 1.0;
				PRODUCT_BUNDLE_IDENTIFIER = "bipo2.dima-mundo";
				PRODUCT_NAME = "$(TARGET_NAME)";
				SWIFT_EMIT_LOC_STRINGS = NO;
				SWIFT_VERSION = 5.0;
				TARGETED_DEVICE_FAMILY = "1,2";
				TEST_TARGET_NAME = "Dima Mundo";
			};
			name = Debug;
		};
		28BC85912C13D82200E3B62F /* Release */ = {
			isa = XCBuildConfiguration;
			buildSettings = {
				ALWAYS_EMBED_SWIFT_STANDARD_LIBRARIES = YES;
				CODE_SIGN_STYLE = Automatic;
				CURRENT_PROJECT_VERSION = 1;
				DEVELOPMENT_TEAM = ZKS2NRWRZN;
				GENERATE_INFOPLIST_FILE = YES;
				INFOPLIST_FILE = "Dima-MundoUITests-Info.plist";
				INFOPLIST_KEY_NSMicrophoneUsageDescription = "";
				INFOPLIST_KEY_NSSpeechRecognitionUsageDescription = "";
				MARKETING_VERSION = 1.0;
				PRODUCT_BUNDLE_IDENTIFIER = "bipo2.Dima-MundoUITests";
				PRODUCT_NAME = "$(TARGET_NAME)";
				SWIFT_EMIT_LOC_STRINGS = NO;
				SWIFT_VERSION = 5.0;
				TARGETED_DEVICE_FAMILY = "1,2";
				TEST_TARGET_NAME = "Dima Mundo";
			};
			name = Release;
		};
/* End XCBuildConfiguration section */

/* Begin XCConfigurationList section */
		28BC85602C13D81F00E3B62F /* Build configuration list for PBXProject "Dima Mundo" */ = {
			isa = XCConfigurationList;
			buildConfigurations = (
				28BC85872C13D82200E3B62F /* Debug */,
				28BC85882C13D82200E3B62F /* Release */,
			);
			defaultConfigurationIsVisible = 0;
			defaultConfigurationName = Release;
		};
		28BC85892C13D82200E3B62F /* Build configuration list for PBXNativeTarget "Dima Mundo" */ = {
			isa = XCConfigurationList;
			buildConfigurations = (
				28BC858A2C13D82200E3B62F /* Debug */,
				28BC858B2C13D82200E3B62F /* Release */,
			);
			defaultConfigurationIsVisible = 0;
			defaultConfigurationName = Release;
		};
		28BC858C2C13D82200E3B62F /* Build configuration list for PBXNativeTarget "Dima MundoTests" */ = {
			isa = XCConfigurationList;
			buildConfigurations = (
				28BC858D2C13D82200E3B62F /* Debug */,
				28BC858E2C13D82200E3B62F /* Release */,
			);
			defaultConfigurationIsVisible = 0;
			defaultConfigurationName = Release;
		};
		28BC858F2C13D82200E3B62F /* Build configuration list for PBXNativeTarget "Dima MundoUITests" */ = {
			isa = XCConfigurationList;
			buildConfigurations = (
				28BC85902C13D82200E3B62F /* Debug */,
				28BC85912C13D82200E3B62F /* Release */,
			);
			defaultConfigurationIsVisible = 0;
			defaultConfigurationName = Release;
		};
/* End XCConfigurationList section */

/* Begin XCRemoteSwiftPackageReference section */
		6C78E6EC2C39DD7400D18852 /* XCRemoteSwiftPackageReference "rive-ios" */ = {
			isa = XCRemoteSwiftPackageReference;
			repositoryURL = "https://github.com/rive-app/rive-ios.git";
			requirement = {
				kind = upToNextMajorVersion;
				minimumVersion = 5.14.3;
			};
		};
/* End XCRemoteSwiftPackageReference section */

/* Begin XCSwiftPackageProductDependency section */
		6C78E6ED2C39DD7400D18852 /* RiveRuntime */ = {
			isa = XCSwiftPackageProductDependency;
			package = 6C78E6EC2C39DD7400D18852 /* XCRemoteSwiftPackageReference "rive-ios" */;
			productName = RiveRuntime;
		};
/* End XCSwiftPackageProductDependency section */

/* Begin XCVersionGroup section */
		6C0D7DD02CB06BF800BFE74F /* Model.xcdatamodeld */ = {
			isa = XCVersionGroup;
			children = (
				6C0D7DD12CB06BF800BFE74F /* Model.xcdatamodel */,
			);
			currentVersion = 6C0D7DD12CB06BF800BFE74F /* Model.xcdatamodel */;
			name = Model.xcdatamodeld;
			path = "/Users/grandybipo/Downloads/Dima-Mondi/Dima Mundo/Model/Model.xcdatamodeld";
			sourceTree = "<group>";
			versionGroupType = wrapper.xcdatamodel;
		};
/* End XCVersionGroup section */
	};
	rootObject = 28BC855D2C13D81F00E3B62F /* Project object */;
}
