// !$*UTF8*$!
{
	archiveVersion = 1;
	classes = {
	};
	objectVersion = 56;
	objects = {

/* Begin PBXBuildFile section */
		28329A102C56CB4F005816C9 /* Model.xcdatamodeld in Sources */ = {isa = PBXBuildFile; fileRef = 28329A0E2C56CB4F005816C9 /* Model.xcdatamodeld */; };
		2845B4A72C5F4F8A009C12FD /* RetoView.swift in Sources */ = {isa = PBXBuildFile; fileRef = 2845B4A62C5F4F8A009C12FD /* RetoView.swift */; };
		285346B42C5AB2F500707411 /* TablesExView.swift in Sources */ = {isa = PBXBuildFile; fileRef = 285346B32C5AB2F500707411 /* TablesExView.swift */; };
		28BC85692C13D81F00E3B62F /* Dima_MundoApp.swift in Sources */ = {isa = PBXBuildFile; fileRef = 28BC85682C13D81F00E3B62F /* Dima_MundoApp.swift */; };
		28BC856B2C13D81F00E3B62F /* Fondo.swift in Sources */ = {isa = PBXBuildFile; fileRef = 28BC856A2C13D81F00E3B62F /* Fondo.swift */; };
		28BC856D2C13D82200E3B62F /* Assets.xcassets in Resources */ = {isa = PBXBuildFile; fileRef = 28BC856C2C13D82200E3B62F /* Assets.xcassets */; };
		28BC85702C13D82200E3B62F /* Preview Assets.xcassets in Resources */ = {isa = PBXBuildFile; fileRef = 28BC856F2C13D82200E3B62F /* Preview Assets.xcassets */; };
		28BC857A2C13D82200E3B62F /* Dima_MundoTests.swift in Sources */ = {isa = PBXBuildFile; fileRef = 28BC85792C13D82200E3B62F /* Dima_MundoTests.swift */; };
		28BC85842C13D82200E3B62F /* Dima_MundoUITests.swift in Sources */ = {isa = PBXBuildFile; fileRef = 28BC85832C13D82200E3B62F /* Dima_MundoUITests.swift */; };
		28BC85862C13D82200E3B62F /* Dima_MundoUITestsLaunchTests.swift in Sources */ = {isa = PBXBuildFile; fileRef = 28BC85852C13D82200E3B62F /* Dima_MundoUITestsLaunchTests.swift */; };
		28BC85942C13DB1300E3B62F /* Color.swift in Sources */ = {isa = PBXBuildFile; fileRef = 28BC85932C13DB1300E3B62F /* Color.swift */; };
		28BC85962C13EC9D00E3B62F /* ContentView.swift in Sources */ = {isa = PBXBuildFile; fileRef = 28BC85952C13EC9D00E3B62F /* ContentView.swift */; };
		28BC85982C16359400E3B62F /* NameView.swift in Sources */ = {isa = PBXBuildFile; fileRef = 28BC85972C16359400E3B62F /* NameView.swift */; };
		6C023BCE2C46240200FF6CA6 /* AnyShape.swift in Sources */ = {isa = PBXBuildFile; fileRef = 6C023BCD2C46240200FF6CA6 /* AnyShape.swift */; };
		6C0D20DD2C430E72005FE8BF /* monin.riv in Resources */ = {isa = PBXBuildFile; fileRef = 6C0D20DC2C430E72005FE8BF /* monin.riv */; };
		6C0D20DE2C430E72005FE8BF /* monin.riv in Resources */ = {isa = PBXBuildFile; fileRef = 6C0D20DC2C430E72005FE8BF /* monin.riv */; };
		6C0D20DF2C430E72005FE8BF /* monin.riv in Resources */ = {isa = PBXBuildFile; fileRef = 6C0D20DC2C430E72005FE8BF /* monin.riv */; };
		6C0D20E12C4310B7005FE8BF /* molly.riv in Resources */ = {isa = PBXBuildFile; fileRef = 6C0D20E02C4310B7005FE8BF /* molly.riv */; };
		6C0D20E22C4310B7005FE8BF /* molly.riv in Resources */ = {isa = PBXBuildFile; fileRef = 6C0D20E02C4310B7005FE8BF /* molly.riv */; };
		6C0D20E32C4310B7005FE8BF /* molly.riv in Resources */ = {isa = PBXBuildFile; fileRef = 6C0D20E02C4310B7005FE8BF /* molly.riv */; };
		6C12CA512C345205005909E0 /* DataManager.swift in Sources */ = {isa = PBXBuildFile; fileRef = 6C12CA502C345205005909E0 /* DataManager.swift */; };
		6C12CA532C345681005909E0 /* PerfilesViewModel.swift in Sources */ = {isa = PBXBuildFile; fileRef = 6C12CA522C345681005909E0 /* PerfilesViewModel.swift */; };
		6C12CA552C345720005909E0 /* PerfilesView.swift in Sources */ = {isa = PBXBuildFile; fileRef = 6C12CA542C34571F005909E0 /* PerfilesView.swift */; };
		6C12CA572C345768005909E0 /* CrearPerfilView.swift in Sources */ = {isa = PBXBuildFile; fileRef = 6C12CA562C345768005909E0 /* CrearPerfilView.swift */; };
		6C12CA592C3481B4005909E0 /* ColorOption.swift in Sources */ = {isa = PBXBuildFile; fileRef = 6C12CA582C3481B4005909E0 /* ColorOption.swift */; };
		6C12CA672C372AD4005909E0 /* RifficFree-Bold.ttf in Resources */ = {isa = PBXBuildFile; fileRef = 6C12CA662C372AD3005909E0 /* RifficFree-Bold.ttf */; };
		6C12CA692C373EA5005909E0 /* CustomKeyboardView.swift in Sources */ = {isa = PBXBuildFile; fileRef = 6C12CA682C373EA5005909E0 /* CustomKeyboardView.swift */; };
		6C12CA6A2C378505005909E0 /* RifficFree-Bold.ttf in Resources */ = {isa = PBXBuildFile; fileRef = 6C12CA662C372AD3005909E0 /* RifficFree-Bold.ttf */; };
		6C12CA6B2C378506005909E0 /* RifficFree-Bold.ttf in Resources */ = {isa = PBXBuildFile; fileRef = 6C12CA662C372AD3005909E0 /* RifficFree-Bold.ttf */; };
		6C12CA6D2C378C6B005909E0 /* MainView.swift in Sources */ = {isa = PBXBuildFile; fileRef = 6C12CA6C2C378C6B005909E0 /* MainView.swift */; };
		6C3558422C424CEB0085D615 /* SelectTableView.swift in Sources */ = {isa = PBXBuildFile; fileRef = 6C3558412C424CEB0085D615 /* SelectTableView.swift */; };
		6C78E6EE2C39DD7400D18852 /* RiveRuntime in Frameworks */ = {isa = PBXBuildFile; productRef = 6C78E6ED2C39DD7400D18852 /* RiveRuntime */; };
		6CA094C42C430279000EDBE0 /* rivebg.riv in Resources */ = {isa = PBXBuildFile; fileRef = 6CA094BD2C430279000EDBE0 /* rivebg.riv */; };
		6CA094C52C430279000EDBE0 /* rivebg.riv in Resources */ = {isa = PBXBuildFile; fileRef = 6CA094BD2C430279000EDBE0 /* rivebg.riv */; };
		6CA094C62C430279000EDBE0 /* rivebg.riv in Resources */ = {isa = PBXBuildFile; fileRef = 6CA094BD2C430279000EDBE0 /* rivebg.riv */; };
		6CA094C82C430434000EDBE0 /* Fondos.swift in Sources */ = {isa = PBXBuildFile; fileRef = 6CA094C72C430434000EDBE0 /* Fondos.swift */; };
		6CA094C92C430434000EDBE0 /* Fondos.swift in Sources */ = {isa = PBXBuildFile; fileRef = 6CA094C72C430434000EDBE0 /* Fondos.swift */; };
		6CA094CA2C430434000EDBE0 /* Fondos.swift in Sources */ = {isa = PBXBuildFile; fileRef = 6CA094C72C430434000EDBE0 /* Fondos.swift */; };
		6CA094D12C430A7B000EDBE0 /* jack3.riv in Resources */ = {isa = PBXBuildFile; fileRef = 6CA094D02C430A7B000EDBE0 /* jack3.riv */; };
		6CA094D22C430A7B000EDBE0 /* jack3.riv in Resources */ = {isa = PBXBuildFile; fileRef = 6CA094D02C430A7B000EDBE0 /* jack3.riv */; };
		6CA094D32C430A7B000EDBE0 /* jack3.riv in Resources */ = {isa = PBXBuildFile; fileRef = 6CA094D02C430A7B000EDBE0 /* jack3.riv */; };
		6CCEC5582C49FAE50053F025 /* AppData.swift in Sources */ = {isa = PBXBuildFile; fileRef = 6CCEC5572C49FAE50053F025 /* AppData.swift */; };
		6CD43F4E2C4D88FC00C1CE55 /* RiveModel.swift in Sources */ = {isa = PBXBuildFile; fileRef = 6CD43F4D2C4D88FC00C1CE55 /* RiveModel.swift */; };
		6CD43F502C4D95D600C1CE55 /* CardModel.swift in Sources */ = {isa = PBXBuildFile; fileRef = 6CD43F4F2C4D95D500C1CE55 /* CardModel.swift */; };
		6CD43F522C4D95E000C1CE55 /* CardView.swift in Sources */ = {isa = PBXBuildFile; fileRef = 6CD43F512C4D95E000C1CE55 /* CardView.swift */; };
		6CDF33392C4DCE1A00E9E93E /* fondos.riv in Resources */ = {isa = PBXBuildFile; fileRef = 6CDF33382C4DCE1A00E9E93E /* fondos.riv */; };
		6CDF333A2C4DCE1A00E9E93E /* fondos.riv in Resources */ = {isa = PBXBuildFile; fileRef = 6CDF33382C4DCE1A00E9E93E /* fondos.riv */; };
		6CDF333B2C4DCE1A00E9E93E /* fondos.riv in Resources */ = {isa = PBXBuildFile; fileRef = 6CDF33382C4DCE1A00E9E93E /* fondos.riv */; };
/* End PBXBuildFile section */

/* Begin PBXContainerItemProxy section */
		28BC85762C13D82200E3B62F /* PBXContainerItemProxy */ = {
			isa = PBXContainerItemProxy;
			containerPortal = 28BC855D2C13D81F00E3B62F /* Project object */;
			proxyType = 1;
			remoteGlobalIDString = 28BC85642C13D81F00E3B62F;
			remoteInfo = "Dima Mundo";
		};
		28BC85802C13D82200E3B62F /* PBXContainerItemProxy */ = {
			isa = PBXContainerItemProxy;
			containerPortal = 28BC855D2C13D81F00E3B62F /* Project object */;
			proxyType = 1;
			remoteGlobalIDString = 28BC85642C13D81F00E3B62F;
			remoteInfo = "Dima Mundo";
		};
/* End PBXContainerItemProxy section */

/* Begin PBXFileReference section */
		28329A0F2C56CB4F005816C9 /* Model.xcdatamodel */ = {isa = PBXFileReference; lastKnownFileType = wrapper.xcdatamodel; path = Model.xcdatamodel; sourceTree = "<group>"; };
		2845B4A62C5F4F8A009C12FD /* RetoView.swift */ = {isa = PBXFileReference; lastKnownFileType = sourcecode.swift; path = RetoView.swift; sourceTree = "<group>"; };
		285346B32C5AB2F500707411 /* TablesExView.swift */ = {isa = PBXFileReference; lastKnownFileType = sourcecode.swift; path = TablesExView.swift; sourceTree = "<group>"; };
		28BC85652C13D81F00E3B62F /* Dima Mundo.app */ = {isa = PBXFileReference; explicitFileType = wrapper.application; includeInIndex = 0; path = "Dima Mundo.app"; sourceTree = BUILT_PRODUCTS_DIR; };
		28BC85682C13D81F00E3B62F /* Dima_MundoApp.swift */ = {isa = PBXFileReference; lastKnownFileType = sourcecode.swift; path = Dima_MundoApp.swift; sourceTree = "<group>"; };
		28BC856A2C13D81F00E3B62F /* Fondo.swift */ = {isa = PBXFileReference; lastKnownFileType = sourcecode.swift; path = Fondo.swift; sourceTree = "<group>"; };
		28BC856C2C13D82200E3B62F /* Assets.xcassets */ = {isa = PBXFileReference; lastKnownFileType = folder.assetcatalog; path = Assets.xcassets; sourceTree = "<group>"; };
		28BC856F2C13D82200E3B62F /* Preview Assets.xcassets */ = {isa = PBXFileReference; lastKnownFileType = folder.assetcatalog; path = "Preview Assets.xcassets"; sourceTree = "<group>"; };
		28BC85752C13D82200E3B62F /* Dima MundoTests.xctest */ = {isa = PBXFileReference; explicitFileType = wrapper.cfbundle; includeInIndex = 0; path = "Dima MundoTests.xctest"; sourceTree = BUILT_PRODUCTS_DIR; };
		28BC85792C13D82200E3B62F /* Dima_MundoTests.swift */ = {isa = PBXFileReference; lastKnownFileType = sourcecode.swift; path = Dima_MundoTests.swift; sourceTree = "<group>"; };
		28BC857F2C13D82200E3B62F /* Dima MundoUITests.xctest */ = {isa = PBXFileReference; explicitFileType = wrapper.cfbundle; includeInIndex = 0; path = "Dima MundoUITests.xctest"; sourceTree = BUILT_PRODUCTS_DIR; };
		28BC85832C13D82200E3B62F /* Dima_MundoUITests.swift */ = {isa = PBXFileReference; lastKnownFileType = sourcecode.swift; path = Dima_MundoUITests.swift; sourceTree = "<group>"; };
		28BC85852C13D82200E3B62F /* Dima_MundoUITestsLaunchTests.swift */ = {isa = PBXFileReference; lastKnownFileType = sourcecode.swift; path = Dima_MundoUITestsLaunchTests.swift; sourceTree = "<group>"; };
		28BC85932C13DB1300E3B62F /* Color.swift */ = {isa = PBXFileReference; lastKnownFileType = sourcecode.swift; path = Color.swift; sourceTree = "<group>"; };
		28BC85952C13EC9D00E3B62F /* ContentView.swift */ = {isa = PBXFileReference; lastKnownFileType = sourcecode.swift; path = ContentView.swift; sourceTree = "<group>"; };
		28BC85972C16359400E3B62F /* NameView.swift */ = {isa = PBXFileReference; lastKnownFileType = sourcecode.swift; path = NameView.swift; sourceTree = "<group>"; };
		6C023BCD2C46240200FF6CA6 /* AnyShape.swift */ = {isa = PBXFileReference; lastKnownFileType = sourcecode.swift; path = AnyShape.swift; sourceTree = "<group>"; };
		6C0D20DC2C430E72005FE8BF /* monin.riv */ = {isa = PBXFileReference; lastKnownFileType = file; path = monin.riv; sourceTree = "<group>"; };
		6C0D20E02C4310B7005FE8BF /* molly.riv */ = {isa = PBXFileReference; lastKnownFileType = file; path = molly.riv; sourceTree = "<group>"; };
		6C12CA502C345205005909E0 /* DataManager.swift */ = {isa = PBXFileReference; lastKnownFileType = sourcecode.swift; path = DataManager.swift; sourceTree = "<group>"; };
		6C12CA522C345681005909E0 /* PerfilesViewModel.swift */ = {isa = PBXFileReference; lastKnownFileType = sourcecode.swift; path = PerfilesViewModel.swift; sourceTree = "<group>"; };
		6C12CA542C34571F005909E0 /* PerfilesView.swift */ = {isa = PBXFileReference; lastKnownFileType = sourcecode.swift; path = PerfilesView.swift; sourceTree = "<group>"; };
		6C12CA562C345768005909E0 /* CrearPerfilView.swift */ = {isa = PBXFileReference; lastKnownFileType = sourcecode.swift; path = CrearPerfilView.swift; sourceTree = "<group>"; };
		6C12CA582C3481B4005909E0 /* ColorOption.swift */ = {isa = PBXFileReference; lastKnownFileType = sourcecode.swift; path = ColorOption.swift; sourceTree = "<group>"; };
		6C12CA5F2C372299005909E0 /* Dima-MundoUITests-Info.plist */ = {isa = PBXFileReference; lastKnownFileType = text.plist; path = "Dima-MundoUITests-Info.plist"; sourceTree = SOURCE_ROOT; };
		6C12CA642C372795005909E0 /* Dima-Mundo-Info.plist */ = {isa = PBXFileReference; lastKnownFileType = text.plist; path = "Dima-Mundo-Info.plist"; sourceTree = SOURCE_ROOT; };
		6C12CA652C3728D5005909E0 /* Dima-MundoTests-Info.plist */ = {isa = PBXFileReference; lastKnownFileType = text.plist; path = "Dima-MundoTests-Info.plist"; sourceTree = SOURCE_ROOT; };
		6C12CA662C372AD3005909E0 /* RifficFree-Bold.ttf */ = {isa = PBXFileReference; lastKnownFileType = file; path = "RifficFree-Bold.ttf"; sourceTree = "<group>"; };
		6C12CA682C373EA5005909E0 /* CustomKeyboardView.swift */ = {isa = PBXFileReference; lastKnownFileType = sourcecode.swift; path = CustomKeyboardView.swift; sourceTree = "<group>"; };
		6C12CA6C2C378C6B005909E0 /* MainView.swift */ = {isa = PBXFileReference; lastKnownFileType = sourcecode.swift; path = MainView.swift; sourceTree = "<group>"; };
		6C3558412C424CEB0085D615 /* SelectTableView.swift */ = {isa = PBXFileReference; lastKnownFileType = sourcecode.swift; path = SelectTableView.swift; sourceTree = "<group>"; };
		6CA094BD2C430279000EDBE0 /* rivebg.riv */ = {isa = PBXFileReference; lastKnownFileType = file; path = rivebg.riv; sourceTree = "<group>"; };
		6CA094C72C430434000EDBE0 /* Fondos.swift */ = {isa = PBXFileReference; lastKnownFileType = sourcecode.swift; path = Fondos.swift; sourceTree = "<group>"; };
		6CA094D02C430A7B000EDBE0 /* jack3.riv */ = {isa = PBXFileReference; lastKnownFileType = file; path = jack3.riv; sourceTree = "<group>"; };
		6CCEC5572C49FAE50053F025 /* AppData.swift */ = {isa = PBXFileReference; lastKnownFileType = sourcecode.swift; path = AppData.swift; sourceTree = "<group>"; };
		6CD43F4D2C4D88FC00C1CE55 /* RiveModel.swift */ = {isa = PBXFileReference; lastKnownFileType = sourcecode.swift; path = RiveModel.swift; sourceTree = "<group>"; };
		6CD43F4F2C4D95D500C1CE55 /* CardModel.swift */ = {isa = PBXFileReference; lastKnownFileType = sourcecode.swift; path = CardModel.swift; sourceTree = "<group>"; };
		6CD43F512C4D95E000C1CE55 /* CardView.swift */ = {isa = PBXFileReference; lastKnownFileType = sourcecode.swift; path = CardView.swift; sourceTree = "<group>"; };
		6CDF33382C4DCE1A00E9E93E /* fondos.riv */ = {isa = PBXFileReference; lastKnownFileType = file; path = fondos.riv; sourceTree = "<group>"; };
/* End PBXFileReference section */

/* Begin PBXFrameworksBuildPhase section */
		28BC85622C13D81F00E3B62F /* Frameworks */ = {
			isa = PBXFrameworksBuildPhase;
			buildActionMask = 2147483647;
			files = (
				6C78E6EE2C39DD7400D18852 /* RiveRuntime in Frameworks */,
			);
			runOnlyForDeploymentPostprocessing = 0;
		};
		28BC85722C13D82200E3B62F /* Frameworks */ = {
			isa = PBXFrameworksBuildPhase;
			buildActionMask = 2147483647;
			files = (
			);
			runOnlyForDeploymentPostprocessing = 0;
		};
		28BC857C2C13D82200E3B62F /* Frameworks */ = {
			isa = PBXFrameworksBuildPhase;
			buildActionMask = 2147483647;
			files = (
			);
			runOnlyForDeploymentPostprocessing = 0;
		};
/* End PBXFrameworksBuildPhase section */

/* Begin PBXGroup section */
		285346B22C5AB27C00707411 /* Exercises */ = {
			isa = PBXGroup;
			children = (
				285346B32C5AB2F500707411 /* TablesExView.swift */,
				2845B4A62C5F4F8A009C12FD /* RetoView.swift */,
			);
			path = Exercises;
			sourceTree = "<group>";
		};
		28BC855C2C13D81F00E3B62F = {
			isa = PBXGroup;
			children = (
				6C5BC84A2C3C7C1900CE95F1 /* RiveFiles */,
				6C12CA5A2C3720E5005909E0 /* Fonts */,
				28BC85672C13D81F00E3B62F /* Dima Mundo */,
				28BC85782C13D82200E3B62F /* Dima MundoTests */,
				28BC85822C13D82200E3B62F /* Dima MundoUITests */,
				28BC85662C13D81F00E3B62F /* Products */,
			);
			sourceTree = "<group>";
		};
		28BC85662C13D81F00E3B62F /* Products */ = {
			isa = PBXGroup;
			children = (
				28BC85652C13D81F00E3B62F /* Dima Mundo.app */,
				28BC85752C13D82200E3B62F /* Dima MundoTests.xctest */,
				28BC857F2C13D82200E3B62F /* Dima MundoUITests.xctest */,
			);
			name = Products;
			sourceTree = "<group>";
		};
		28BC85672C13D81F00E3B62F /* Dima Mundo */ = {
			isa = PBXGroup;
			children = (
				6C12CA642C372795005909E0 /* Dima-Mundo-Info.plist */,
				28BC85682C13D81F00E3B62F /* Dima_MundoApp.swift */,
				6C12CA4A2C33C4E1005909E0 /* Model */,
				6C12CA482C33C4CB005909E0 /* View */,
				28BC85922C13DAF100E3B62F /* Extras */,
				28BC856C2C13D82200E3B62F /* Assets.xcassets */,
				28BC856E2C13D82200E3B62F /* Preview Content */,
			);
			path = "Dima Mundo";
			sourceTree = "<group>";
		};
		28BC856E2C13D82200E3B62F /* Preview Content */ = {
			isa = PBXGroup;
			children = (
				28BC856F2C13D82200E3B62F /* Preview Assets.xcassets */,
			);
			path = "Preview Content";
			sourceTree = "<group>";
		};
		28BC85782C13D82200E3B62F /* Dima MundoTests */ = {
			isa = PBXGroup;
			children = (
				6C12CA652C3728D5005909E0 /* Dima-MundoTests-Info.plist */,
				28BC85792C13D82200E3B62F /* Dima_MundoTests.swift */,
			);
			path = "Dima MundoTests";
			sourceTree = "<group>";
		};
		28BC85822C13D82200E3B62F /* Dima MundoUITests */ = {
			isa = PBXGroup;
			children = (
				6C12CA5F2C372299005909E0 /* Dima-MundoUITests-Info.plist */,
				28BC85832C13D82200E3B62F /* Dima_MundoUITests.swift */,
				28BC85852C13D82200E3B62F /* Dima_MundoUITestsLaunchTests.swift */,
			);
			path = "Dima MundoUITests";
			sourceTree = "<group>";
		};
		28BC85922C13DAF100E3B62F /* Extras */ = {
			isa = PBXGroup;
			children = (
				28BC85972C16359400E3B62F /* NameView.swift */,
				28BC85952C13EC9D00E3B62F /* ContentView.swift */,
				28BC85932C13DB1300E3B62F /* Color.swift */,
				6C12CA582C3481B4005909E0 /* ColorOption.swift */,
				6C023BCD2C46240200FF6CA6 /* AnyShape.swift */,
			);
			path = Extras;
			sourceTree = "<group>";
		};
		6C12CA482C33C4CB005909E0 /* View */ = {
			isa = PBXGroup;
			children = (
				6C3558442C424D6F0085D615 /* Navigation */,
				6C12CA4B2C33C4FD005909E0 /* Backgrounds */,
			);
			path = View;
			sourceTree = "<group>";
		};
		6C12CA4A2C33C4E1005909E0 /* Model */ = {
			isa = PBXGroup;
			children = (
				6C12CA502C345205005909E0 /* DataManager.swift */,
				28329A0E2C56CB4F005816C9 /* Model.xcdatamodeld */,
				6C12CA522C345681005909E0 /* PerfilesViewModel.swift */,
				6CD43F4D2C4D88FC00C1CE55 /* RiveModel.swift */,
				6CCEC5572C49FAE50053F025 /* AppData.swift */,
				6CD43F4F2C4D95D500C1CE55 /* CardModel.swift */,
			);
			path = Model;
			sourceTree = "<group>";
		};
		6C12CA4B2C33C4FD005909E0 /* Backgrounds */ = {
			isa = PBXGroup;
			children = (
				28BC856A2C13D81F00E3B62F /* Fondo.swift */,
				6CA094C72C430434000EDBE0 /* Fondos.swift */,
			);
			path = Backgrounds;
			sourceTree = "<group>";
		};
		6C12CA5A2C3720E5005909E0 /* Fonts */ = {
			isa = PBXGroup;
			children = (
				6C12CA662C372AD3005909E0 /* RifficFree-Bold.ttf */,
			);
			path = Fonts;
			sourceTree = "<group>";
		};
		6C3558442C424D6F0085D615 /* Navigation */ = {
			isa = PBXGroup;
			children = (
				285346B22C5AB27C00707411 /* Exercises */,
				6C12CA6C2C378C6B005909E0 /* MainView.swift */,
				6C12CA562C345768005909E0 /* CrearPerfilView.swift */,
				6CD43F512C4D95E000C1CE55 /* CardView.swift */,
				6C3558412C424CEB0085D615 /* SelectTableView.swift */,
				6C12CA542C34571F005909E0 /* PerfilesView.swift */,
				6C12CA682C373EA5005909E0 /* CustomKeyboardView.swift */,
			);
			path = Navigation;
			sourceTree = "<group>";
		};
		6C5BC84A2C3C7C1900CE95F1 /* RiveFiles */ = {
			isa = PBXGroup;
			children = (
				6CDF33382C4DCE1A00E9E93E /* fondos.riv */,
				6C0D20E02C4310B7005FE8BF /* molly.riv */,
				6C0D20DC2C430E72005FE8BF /* monin.riv */,
				6CA094D02C430A7B000EDBE0 /* jack3.riv */,
				6CA094BD2C430279000EDBE0 /* rivebg.riv */,
			);
			path = RiveFiles;
			sourceTree = "<group>";
		};
/* End PBXGroup section */

/* Begin PBXNativeTarget section */
		28BC85642C13D81F00E3B62F /* Dima Mundo */ = {
			isa = PBXNativeTarget;
			buildConfigurationList = 28BC85892C13D82200E3B62F /* Build configuration list for PBXNativeTarget "Dima Mundo" */;
			buildPhases = (
				28BC85612C13D81F00E3B62F /* Sources */,
				28BC85622C13D81F00E3B62F /* Frameworks */,
				28BC85632C13D81F00E3B62F /* Resources */,
			);
			buildRules = (
			);
			dependencies = (
			);
			name = "Dima Mundo";
			packageProductDependencies = (
				6C78E6ED2C39DD7400D18852 /* RiveRuntime */,
			);
			productName = "Dima Mundo";
			productReference = 28BC85652C13D81F00E3B62F /* Dima Mundo.app */;
			productType = "com.apple.product-type.application";
		};
		28BC85742C13D82200E3B62F /* Dima MundoTests */ = {
			isa = PBXNativeTarget;
			buildConfigurationList = 28BC858C2C13D82200E3B62F /* Build configuration list for PBXNativeTarget "Dima MundoTests" */;
			buildPhases = (
				28BC85712C13D82200E3B62F /* Sources */,
				28BC85722C13D82200E3B62F /* Frameworks */,
				28BC85732C13D82200E3B62F /* Resources */,
			);
			buildRules = (
			);
			dependencies = (
				28BC85772C13D82200E3B62F /* PBXTargetDependency */,
			);
			name = "Dima MundoTests";
			productName = "Dima MundoTests";
			productReference = 28BC85752C13D82200E3B62F /* Dima MundoTests.xctest */;
			productType = "com.apple.product-type.bundle.unit-test";
		};
		28BC857E2C13D82200E3B62F /* Dima MundoUITests */ = {
			isa = PBXNativeTarget;
			buildConfigurationList = 28BC858F2C13D82200E3B62F /* Build configuration list for PBXNativeTarget "Dima MundoUITests" */;
			buildPhases = (
				28BC857B2C13D82200E3B62F /* Sources */,
				28BC857C2C13D82200E3B62F /* Frameworks */,
				28BC857D2C13D82200E3B62F /* Resources */,
			);
			buildRules = (
			);
			dependencies = (
				28BC85812C13D82200E3B62F /* PBXTargetDependency */,
			);
			name = "Dima MundoUITests";
			productName = "Dima MundoUITests";
			productReference = 28BC857F2C13D82200E3B62F /* Dima MundoUITests.xctest */;
			productType = "com.apple.product-type.bundle.ui-testing";
		};
/* End PBXNativeTarget section */

/* Begin PBXProject section */
		28BC855D2C13D81F00E3B62F /* Project object */ = {
			isa = PBXProject;
			attributes = {
				BuildIndependentTargetsInParallel = 1;
				LastSwiftUpdateCheck = 1530;
				LastUpgradeCheck = 1530;
				TargetAttributes = {
					28BC85642C13D81F00E3B62F = {
						CreatedOnToolsVersion = 15.3;
					};
					28BC85742C13D82200E3B62F = {
						CreatedOnToolsVersion = 15.3;
						TestTargetID = 28BC85642C13D81F00E3B62F;
					};
					28BC857E2C13D82200E3B62F = {
						CreatedOnToolsVersion = 15.3;
						TestTargetID = 28BC85642C13D81F00E3B62F;
					};
				};
			};
			buildConfigurationList = 28BC85602C13D81F00E3B62F /* Build configuration list for PBXProject "Dima Mundo" */;
			compatibilityVersion = "Xcode 14.0";
			developmentRegion = en;
			hasScannedForEncodings = 0;
			knownRegions = (
				en,
				Base,
			);
			mainGroup = 28BC855C2C13D81F00E3B62F;
			packageReferences = (
				6C78E6EC2C39DD7400D18852 /* XCRemoteSwiftPackageReference "rive-ios" */,
			);
			productRefGroup = 28BC85662C13D81F00E3B62F /* Products */;
			projectDirPath = "";
			projectRoot = "";
			targets = (
				28BC85642C13D81F00E3B62F /* Dima Mundo */,
				28BC85742C13D82200E3B62F /* Dima MundoTests */,
				28BC857E2C13D82200E3B62F /* Dima MundoUITests */,
			);
		};
/* End PBXProject section */

/* Begin PBXResourcesBuildPhase section */
		28BC85632C13D81F00E3B62F /* Resources */ = {
			isa = PBXResourcesBuildPhase;
			buildActionMask = 2147483647;
			files = (
				6CA094D12C430A7B000EDBE0 /* jack3.riv in Resources */,
				6C0D20E12C4310B7005FE8BF /* molly.riv in Resources */,
				6CDF33392C4DCE1A00E9E93E /* fondos.riv in Resources */,
				6CA094C42C430279000EDBE0 /* rivebg.riv in Resources */,
				28BC85702C13D82200E3B62F /* Preview Assets.xcassets in Resources */,
				6C12CA672C372AD4005909E0 /* RifficFree-Bold.ttf in Resources */,
				28BC856D2C13D82200E3B62F /* Assets.xcassets in Resources */,
				6C0D20DD2C430E72005FE8BF /* monin.riv in Resources */,
			);
			runOnlyForDeploymentPostprocessing = 0;
		};
		28BC85732C13D82200E3B62F /* Resources */ = {
			isa = PBXResourcesBuildPhase;
			buildActionMask = 2147483647;
			files = (
				6C0D20E22C4310B7005FE8BF /* molly.riv in Resources */,
				6CA094D22C430A7B000EDBE0 /* jack3.riv in Resources */,
				6C12CA6B2C378506005909E0 /* RifficFree-Bold.ttf in Resources */,
				6C0D20DE2C430E72005FE8BF /* monin.riv in Resources */,
				6CDF333A2C4DCE1A00E9E93E /* fondos.riv in Resources */,
				6CA094C52C430279000EDBE0 /* rivebg.riv in Resources */,
			);
			runOnlyForDeploymentPostprocessing = 0;
		};
		28BC857D2C13D82200E3B62F /* Resources */ = {
			isa = PBXResourcesBuildPhase;
			buildActionMask = 2147483647;
			files = (
				6C0D20E32C4310B7005FE8BF /* molly.riv in Resources */,
				6CA094D32C430A7B000EDBE0 /* jack3.riv in Resources */,
				6C12CA6A2C378505005909E0 /* RifficFree-Bold.ttf in Resources */,
				6C0D20DF2C430E72005FE8BF /* monin.riv in Resources */,
				6CDF333B2C4DCE1A00E9E93E /* fondos.riv in Resources */,
				6CA094C62C430279000EDBE0 /* rivebg.riv in Resources */,
			);
			runOnlyForDeploymentPostprocessing = 0;
		};
/* End PBXResourcesBuildPhase section */

/* Begin PBXSourcesBuildPhase section */
		28BC85612C13D81F00E3B62F /* Sources */ = {
			isa = PBXSourcesBuildPhase;
			buildActionMask = 2147483647;
			files = (
				6C12CA532C345681005909E0 /* PerfilesViewModel.swift in Sources */,
				6CA094C82C430434000EDBE0 /* Fondos.swift in Sources */,
				6CD43F502C4D95D600C1CE55 /* CardModel.swift in Sources */,
				6C023BCE2C46240200FF6CA6 /* AnyShape.swift in Sources */,
				6C3558422C424CEB0085D615 /* SelectTableView.swift in Sources */,
				6C12CA6D2C378C6B005909E0 /* MainView.swift in Sources */,
				2845B4A72C5F4F8A009C12FD /* RetoView.swift in Sources */,
				28BC856B2C13D81F00E3B62F /* Fondo.swift in Sources */,
				28329A102C56CB4F005816C9 /* Model.xcdatamodeld in Sources */,
				6C12CA692C373EA5005909E0 /* CustomKeyboardView.swift in Sources */,
				28BC85692C13D81F00E3B62F /* Dima_MundoApp.swift in Sources */,
				28BC85982C16359400E3B62F /* NameView.swift in Sources */,
				6C12CA512C345205005909E0 /* DataManager.swift in Sources */,
				6C12CA552C345720005909E0 /* PerfilesView.swift in Sources */,
				6C12CA592C3481B4005909E0 /* ColorOption.swift in Sources */,
				28BC85962C13EC9D00E3B62F /* ContentView.swift in Sources */,
				6CD43F522C4D95E000C1CE55 /* CardView.swift in Sources */,
				285346B42C5AB2F500707411 /* TablesExView.swift in Sources */,
				6CCEC5582C49FAE50053F025 /* AppData.swift in Sources */,
				28BC85942C13DB1300E3B62F /* Color.swift in Sources */,
				6C12CA572C345768005909E0 /* CrearPerfilView.swift in Sources */,
				6CD43F4E2C4D88FC00C1CE55 /* RiveModel.swift in Sources */,
			);
			runOnlyForDeploymentPostprocessing = 0;
		};
		28BC85712C13D82200E3B62F /* Sources */ = {
			isa = PBXSourcesBuildPhase;
			buildActionMask = 2147483647;
			files = (
				6CA094C92C430434000EDBE0 /* Fondos.swift in Sources */,
				28BC857A2C13D82200E3B62F /* Dima_MundoTests.swift in Sources */,
			);
			runOnlyForDeploymentPostprocessing = 0;
		};
		28BC857B2C13D82200E3B62F /* Sources */ = {
			isa = PBXSourcesBuildPhase;
			buildActionMask = 2147483647;
			files = (
				28BC85842C13D82200E3B62F /* Dima_MundoUITests.swift in Sources */,
				6CA094CA2C430434000EDBE0 /* Fondos.swift in Sources */,
				28BC85862C13D82200E3B62F /* Dima_MundoUITestsLaunchTests.swift in Sources */,
			);
			runOnlyForDeploymentPostprocessing = 0;
		};
/* End PBXSourcesBuildPhase section */

/* Begin PBXTargetDependency section */
		28BC85772C13D82200E3B62F /* PBXTargetDependency */ = {
			isa = PBXTargetDependency;
			target = 28BC85642C13D81F00E3B62F /* Dima Mundo */;
			targetProxy = 28BC85762C13D82200E3B62F /* PBXContainerItemProxy */;
		};
		28BC85812C13D82200E3B62F /* PBXTargetDependency */ = {
			isa = PBXTargetDependency;
			target = 28BC85642C13D81F00E3B62F /* Dima Mundo */;
			targetProxy = 28BC85802C13D82200E3B62F /* PBXContainerItemProxy */;
		};
/* End PBXTargetDependency section */

/* Begin XCBuildConfiguration section */
		28BC85872C13D82200E3B62F /* Debug */ = {
			isa = XCBuildConfiguration;
			buildSettings = {
				ALWAYS_SEARCH_USER_PATHS = NO;
				ASSETCATALOG_COMPILER_GENERATE_SWIFT_ASSET_SYMBOL_EXTENSIONS = YES;
				CLANG_ANALYZER_NONNULL = YES;
				CLANG_ANALYZER_NUMBER_OBJECT_CONVERSION = YES_AGGRESSIVE;
				CLANG_CXX_LANGUAGE_STANDARD = "gnu++20";
				CLANG_ENABLE_MODULES = YES;
				CLANG_ENABLE_OBJC_ARC = YES;
				CLANG_ENABLE_OBJC_WEAK = YES;
				CLANG_WARN_BLOCK_CAPTURE_AUTORELEASING = YES;
				CLANG_WARN_BOOL_CONVERSION = YES;
				CLANG_WARN_COMMA = YES;
				CLANG_WARN_CONSTANT_CONVERSION = YES;
				CLANG_WARN_DEPRECATED_OBJC_IMPLEMENTATIONS = YES;
				CLANG_WARN_DIRECT_OBJC_ISA_USAGE = YES_ERROR;
				CLANG_WARN_DOCUMENTATION_COMMENTS = YES;
				CLANG_WARN_EMPTY_BODY = YES;
				CLANG_WARN_ENUM_CONVERSION = YES;
				CLANG_WARN_INFINITE_RECURSION = YES;
				CLANG_WARN_INT_CONVERSION = YES;
				CLANG_WARN_NON_LITERAL_NULL_CONVERSION = YES;
				CLANG_WARN_OBJC_IMPLICIT_RETAIN_SELF = YES;
				CLANG_WARN_OBJC_LITERAL_CONVERSION = YES;
				CLANG_WARN_OBJC_ROOT_CLASS = YES_ERROR;
				CLANG_WARN_QUOTED_INCLUDE_IN_FRAMEWORK_HEADER = YES;
				CLANG_WARN_RANGE_LOOP_ANALYSIS = YES;
				CLANG_WARN_STRICT_PROTOTYPES = YES;
				CLANG_WARN_SUSPICIOUS_MOVE = YES;
				CLANG_WARN_UNGUARDED_AVAILABILITY = YES_AGGRESSIVE;
				CLANG_WARN_UNREACHABLE_CODE = YES;
				CLANG_WARN__DUPLICATE_METHOD_MATCH = YES;
				COPY_PHASE_STRIP = NO;
				DEBUG_INFORMATION_FORMAT = dwarf;
				ENABLE_STRICT_OBJC_MSGSEND = YES;
				ENABLE_TESTABILITY = YES;
				ENABLE_USER_SCRIPT_SANDBOXING = YES;
				GCC_C_LANGUAGE_STANDARD = gnu17;
				GCC_DYNAMIC_NO_PIC = NO;
				GCC_NO_COMMON_BLOCKS = YES;
				GCC_OPTIMIZATION_LEVEL = 0;
				GCC_PREPROCESSOR_DEFINITIONS = (
					"DEBUG=1",
					"$(inherited)",
				);
				GCC_WARN_64_TO_32_BIT_CONVERSION = YES;
				GCC_WARN_ABOUT_RETURN_TYPE = YES_ERROR;
				GCC_WARN_UNDECLARED_SELECTOR = YES;
				GCC_WARN_UNINITIALIZED_AUTOS = YES_AGGRESSIVE;
				GCC_WARN_UNUSED_FUNCTION = YES;
				GCC_WARN_UNUSED_VARIABLE = YES;
				IPHONEOS_DEPLOYMENT_TARGET = 17.4;
				LOCALIZATION_PREFERS_STRING_CATALOGS = YES;
				MTL_ENABLE_DEBUG_INFO = INCLUDE_SOURCE;
				MTL_FAST_MATH = YES;
				ONLY_ACTIVE_ARCH = YES;
				SDKROOT = iphoneos;
				SWIFT_ACTIVE_COMPILATION_CONDITIONS = "DEBUG $(inherited)";
				SWIFT_OPTIMIZATION_LEVEL = "-Onone";
			};
			name = Debug;
		};
		28BC85882C13D82200E3B62F /* Release */ = {
			isa = XCBuildConfiguration;
			buildSettings = {
				ALWAYS_SEARCH_USER_PATHS = NO;
				ASSETCATALOG_COMPILER_GENERATE_SWIFT_ASSET_SYMBOL_EXTENSIONS = YES;
				CLANG_ANALYZER_NONNULL = YES;
				CLANG_ANALYZER_NUMBER_OBJECT_CONVERSION = YES_AGGRESSIVE;
				CLANG_CXX_LANGUAGE_STANDARD = "gnu++20";
				CLANG_ENABLE_MODULES = YES;
				CLANG_ENABLE_OBJC_ARC = YES;
				CLANG_ENABLE_OBJC_WEAK = YES;
				CLANG_WARN_BLOCK_CAPTURE_AUTORELEASING = YES;
				CLANG_WARN_BOOL_CONVERSION = YES;
				CLANG_WARN_COMMA = YES;
				CLANG_WARN_CONSTANT_CONVERSION = YES;
				CLANG_WARN_DEPRECATED_OBJC_IMPLEMENTATIONS = YES;
				CLANG_WARN_DIRECT_OBJC_ISA_USAGE = YES_ERROR;
				CLANG_WARN_DOCUMENTATION_COMMENTS = YES;
				CLANG_WARN_EMPTY_BODY = YES;
				CLANG_WARN_ENUM_CONVERSION = YES;
				CLANG_WARN_INFINITE_RECURSION = YES;
				CLANG_WARN_INT_CONVERSION = YES;
				CLANG_WARN_NON_LITERAL_NULL_CONVERSION = YES;
				CLANG_WARN_OBJC_IMPLICIT_RETAIN_SELF = YES;
				CLANG_WARN_OBJC_LITERAL_CONVERSION = YES;
				CLANG_WARN_OBJC_ROOT_CLASS = YES_ERROR;
				CLANG_WARN_QUOTED_INCLUDE_IN_FRAMEWORK_HEADER = YES;
				CLANG_WARN_RANGE_LOOP_ANALYSIS = YES;
				CLANG_WARN_STRICT_PROTOTYPES = YES;
				CLANG_WARN_SUSPICIOUS_MOVE = YES;
				CLANG_WARN_UNGUARDED_AVAILABILITY = YES_AGGRESSIVE;
				CLANG_WARN_UNREACHABLE_CODE = YES;
				CLANG_WARN__DUPLICATE_METHOD_MATCH = YES;
				COPY_PHASE_STRIP = NO;
				DEBUG_INFORMATION_FORMAT = "dwarf-with-dsym";
				ENABLE_NS_ASSERTIONS = NO;
				ENABLE_STRICT_OBJC_MSGSEND = YES;
				ENABLE_USER_SCRIPT_SANDBOXING = YES;
				GCC_C_LANGUAGE_STANDARD = gnu17;
				GCC_NO_COMMON_BLOCKS = YES;
				GCC_WARN_64_TO_32_BIT_CONVERSION = YES;
				GCC_WARN_ABOUT_RETURN_TYPE = YES_ERROR;
				GCC_WARN_UNDECLARED_SELECTOR = YES;
				GCC_WARN_UNINITIALIZED_AUTOS = YES_AGGRESSIVE;
				GCC_WARN_UNUSED_FUNCTION = YES;
				GCC_WARN_UNUSED_VARIABLE = YES;
				IPHONEOS_DEPLOYMENT_TARGET = 17.4;
				LOCALIZATION_PREFERS_STRING_CATALOGS = YES;
				MTL_ENABLE_DEBUG_INFO = NO;
				MTL_FAST_MATH = YES;
				SDKROOT = iphoneos;
				SWIFT_COMPILATION_MODE = wholemodule;
				VALIDATE_PRODUCT = YES;
			};
			name = Release;
		};
		28BC858A2C13D82200E3B62F /* Debug */ = {
			isa = XCBuildConfiguration;
			buildSettings = {
				ASSETCATALOG_COMPILER_APPICON_NAME = AppIcon;
				ASSETCATALOG_COMPILER_GLOBAL_ACCENT_COLOR_NAME = AccentColor;
				CODE_SIGN_STYLE = Automatic;
				CURRENT_PROJECT_VERSION = 1;
				DEVELOPMENT_ASSET_PATHS = "\"Dima Mundo/Preview Content\"";
				DEVELOPMENT_TEAM = X9FRX99HPJ;
				ENABLE_PREVIEWS = YES;
				GENERATE_INFOPLIST_FILE = YES;
				INFOPLIST_FILE = "Dima-Mundo-Info.plist";
				INFOPLIST_KEY_UIApplicationSceneManifest_Generation = YES;
				INFOPLIST_KEY_UIApplicationSupportsIndirectInputEvents = YES;
				INFOPLIST_KEY_UILaunchScreen_Generation = YES;
				INFOPLIST_KEY_UISupportedInterfaceOrientations_iPad = "UIInterfaceOrientationLandscapeLeft UIInterfaceOrientationLandscapeRight";
				INFOPLIST_KEY_UISupportedInterfaceOrientations_iPhone = "UIInterfaceOrientationLandscapeLeft UIInterfaceOrientationLandscapeRight";
				LD_RUNPATH_SEARCH_PATHS = (
					"$(inherited)",
					"@executable_path/Frameworks",
				);
				MARKETING_VERSION = 1.0;
				PRODUCT_BUNDLE_IDENTIFIER = "bipo.Dima-Mundoo";
				PRODUCT_NAME = "$(TARGET_NAME)";
				SUPPORTED_PLATFORMS = "iphoneos iphonesimulator";
				SUPPORTS_MACCATALYST = NO;
				SWIFT_EMIT_LOC_STRINGS = YES;
				SWIFT_VERSION = 5.0;
				TARGETED_DEVICE_FAMILY = 2;
			};
			name = Debug;
		};
		28BC858B2C13D82200E3B62F /* Release */ = {
			isa = XCBuildConfiguration;
			buildSettings = {
				ASSETCATALOG_COMPILER_APPICON_NAME = AppIcon;
				ASSETCATALOG_COMPILER_GLOBAL_ACCENT_COLOR_NAME = AccentColor;
				CODE_SIGN_STYLE = Automatic;
				CURRENT_PROJECT_VERSION = 1;
				DEVELOPMENT_ASSET_PATHS = "\"Dima Mundo/Preview Content\"";
				DEVELOPMENT_TEAM = X9FRX99HPJ;
				ENABLE_PREVIEWS = YES;
				GENERATE_INFOPLIST_FILE = YES;
				INFOPLIST_FILE = "Dima-Mundo-Info.plist";
				INFOPLIST_KEY_UIApplicationSceneManifest_Generation = YES;
				INFOPLIST_KEY_UIApplicationSupportsIndirectInputEvents = YES;
				INFOPLIST_KEY_UILaunchScreen_Generation = YES;
				INFOPLIST_KEY_UISupportedInterfaceOrientations_iPad = "UIInterfaceOrientationLandscapeLeft UIInterfaceOrientationLandscapeRight";
				INFOPLIST_KEY_UISupportedInterfaceOrientations_iPhone = "UIInterfaceOrientationLandscapeLeft UIInterfaceOrientationLandscapeRight";
				LD_RUNPATH_SEARCH_PATHS = (
					"$(inherited)",
					"@executable_path/Frameworks",
				);
				MARKETING_VERSION = 1.0;
				PRODUCT_BUNDLE_IDENTIFIER = "bipo.Dima-Mundoo";
				PRODUCT_NAME = "$(TARGET_NAME)";
				SUPPORTED_PLATFORMS = "iphoneos iphonesimulator";
				SUPPORTS_MACCATALYST = NO;
				SWIFT_EMIT_LOC_STRINGS = YES;
				SWIFT_VERSION = 5.0;
				TARGETED_DEVICE_FAMILY = 2;
			};
			name = Release;
		};
		28BC858D2C13D82200E3B62F /* Debug */ = {
			isa = XCBuildConfiguration;
			buildSettings = {
				ALWAYS_EMBED_SWIFT_STANDARD_LIBRARIES = YES;
				BUNDLE_LOADER = "$(TEST_HOST)";
				CODE_SIGN_STYLE = Automatic;
				CURRENT_PROJECT_VERSION = 1;
				DEVELOPMENT_TEAM = ZKS2NRWRZN;
				GENERATE_INFOPLIST_FILE = YES;
				INFOPLIST_FILE = "Dima-MundoTests-Info.plist";
				IPHONEOS_DEPLOYMENT_TARGET = 17.4;
				MARKETING_VERSION = 1.0;
				PRODUCT_BUNDLE_IDENTIFIER = "bipo.Dima-MundoTests";
				PRODUCT_NAME = "$(TARGET_NAME)";
				SWIFT_EMIT_LOC_STRINGS = NO;
				SWIFT_VERSION = 5.0;
				TARGETED_DEVICE_FAMILY = "1,2";
				TEST_HOST = "$(BUILT_PRODUCTS_DIR)/Dima Mundo.app/$(BUNDLE_EXECUTABLE_FOLDER_PATH)/Dima Mundo";
			};
			name = Debug;
		};
		28BC858E2C13D82200E3B62F /* Release */ = {
			isa = XCBuildConfiguration;
			buildSettings = {
				ALWAYS_EMBED_SWIFT_STANDARD_LIBRARIES = YES;
				BUNDLE_LOADER = "$(TEST_HOST)";
				CODE_SIGN_STYLE = Automatic;
				CURRENT_PROJECT_VERSION = 1;
				DEVELOPMENT_TEAM = ZKS2NRWRZN;
				GENERATE_INFOPLIST_FILE = YES;
				INFOPLIST_FILE = "Dima-MundoTests-Info.plist";
				IPHONEOS_DEPLOYMENT_TARGET = 17.4;
				MARKETING_VERSION = 1.0;
				PRODUCT_BUNDLE_IDENTIFIER = "bipo.Dima-MundoTests";
				PRODUCT_NAME = "$(TARGET_NAME)";
				SWIFT_EMIT_LOC_STRINGS = NO;
				SWIFT_VERSION = 5.0;
				TARGETED_DEVICE_FAMILY = "1,2";
				TEST_HOST = "$(BUILT_PRODUCTS_DIR)/Dima Mundo.app/$(BUNDLE_EXECUTABLE_FOLDER_PATH)/Dima Mundo";
			};
			name = Release;
		};
		28BC85902C13D82200E3B62F /* Debug */ = {
			isa = XCBuildConfiguration;
			buildSettings = {
				ALWAYS_EMBED_SWIFT_STANDARD_LIBRARIES = YES;
				CODE_SIGN_STYLE = Automatic;
				CURRENT_PROJECT_VERSION = 1;
				DEVELOPMENT_TEAM = ZKS2NRWRZN;
				GENERATE_INFOPLIST_FILE = YES;
				INFOPLIST_FILE = "Dima-MundoUITests-Info.plist";
				MARKETING_VERSION = 1.0;
				PRODUCT_BUNDLE_IDENTIFIER = "bipo.Dima-MundoUITests";
				PRODUCT_NAME = "$(TARGET_NAME)";
				SWIFT_EMIT_LOC_STRINGS = NO;
				SWIFT_VERSION = 5.0;
				TARGETED_DEVICE_FAMILY = "1,2";
				TEST_TARGET_NAME = "Dima Mundo";
			};
			name = Debug;
		};
		28BC85912C13D82200E3B62F /* Release */ = {
			isa = XCBuildConfiguration;
			buildSettings = {
				ALWAYS_EMBED_SWIFT_STANDARD_LIBRARIES = YES;
				CODE_SIGN_STYLE = Automatic;
				CURRENT_PROJECT_VERSION = 1;
				DEVELOPMENT_TEAM = ZKS2NRWRZN;
				GENERATE_INFOPLIST_FILE = YES;
				INFOPLIST_FILE = "Dima-MundoUITests-Info.plist";
				MARKETING_VERSION = 1.0;
				PRODUCT_BUNDLE_IDENTIFIER = "bipo.Dima-MundoUITests";
				PRODUCT_NAME = "$(TARGET_NAME)";
				SWIFT_EMIT_LOC_STRINGS = NO;
				SWIFT_VERSION = 5.0;
				TARGETED_DEVICE_FAMILY = "1,2";
				TEST_TARGET_NAME = "Dima Mundo";
			};
			name = Release;
		};
/* End XCBuildConfiguration section */

/* Begin XCConfigurationList section */
		28BC85602C13D81F00E3B62F /* Build configuration list for PBXProject "Dima Mundo" */ = {
			isa = XCConfigurationList;
			buildConfigurations = (
				28BC85872C13D82200E3B62F /* Debug */,
				28BC85882C13D82200E3B62F /* Release */,
			);
			defaultConfigurationIsVisible = 0;
			defaultConfigurationName = Release;
		};
		28BC85892C13D82200E3B62F /* Build configuration list for PBXNativeTarget "Dima Mundo" */ = {
			isa = XCConfigurationList;
			buildConfigurations = (
				28BC858A2C13D82200E3B62F /* Debug */,
				28BC858B2C13D82200E3B62F /* Release */,
			);
			defaultConfigurationIsVisible = 0;
			defaultConfigurationName = Release;
		};
		28BC858C2C13D82200E3B62F /* Build configuration list for PBXNativeTarget "Dima MundoTests" */ = {
			isa = XCConfigurationList;
			buildConfigurations = (
				28BC858D2C13D82200E3B62F /* Debug */,
				28BC858E2C13D82200E3B62F /* Release */,
			);
			defaultConfigurationIsVisible = 0;
			defaultConfigurationName = Release;
		};
		28BC858F2C13D82200E3B62F /* Build configuration list for PBXNativeTarget "Dima MundoUITests" */ = {
			isa = XCConfigurationList;
			buildConfigurations = (
				28BC85902C13D82200E3B62F /* Debug */,
				28BC85912C13D82200E3B62F /* Release */,
			);
			defaultConfigurationIsVisible = 0;
			defaultConfigurationName = Release;
		};
/* End XCConfigurationList section */

/* Begin XCRemoteSwiftPackageReference section */
		6C78E6EC2C39DD7400D18852 /* XCRemoteSwiftPackageReference "rive-ios" */ = {
			isa = XCRemoteSwiftPackageReference;
			repositoryURL = "https://github.com/rive-app/rive-ios.git";
			requirement = {
				kind = upToNextMajorVersion;
				minimumVersion = 5.14.3;
			};
		};
/* End XCRemoteSwiftPackageReference section */

/* Begin XCSwiftPackageProductDependency section */
		6C78E6ED2C39DD7400D18852 /* RiveRuntime */ = {
			isa = XCSwiftPackageProductDependency;
			package = 6C78E6EC2C39DD7400D18852 /* XCRemoteSwiftPackageReference "rive-ios" */;
			productName = RiveRuntime;
		};
/* End XCSwiftPackageProductDependency section */

/* Begin XCVersionGroup section */
		28329A0E2C56CB4F005816C9 /* Model.xcdatamodeld */ = {
			isa = XCVersionGroup;
			children = (
				28329A0F2C56CB4F005816C9 /* Model.xcdatamodel */,
			);
			currentVersion = 28329A0F2C56CB4F005816C9 /* Model.xcdatamodel */;
			name = Model.xcdatamodeld;
			path = "/Users/chemapadillafdez/Documents/GitHub/Dima-Mundo/Dima Mundo/Model/Model.xcdatamodeld";
			sourceTree = "<group>";
			versionGroupType = wrapper.xcdatamodel;
		};
/* End XCVersionGroup section */
	};
	rootObject = 28BC855D2C13D81F00E3B62F /* Project object */;
}
